// !$*UTF8*$!
{
	archiveVersion = 1;
	classes = {
	};
	objectVersion = 46;
	objects = {

/* Begin PBXBuildFile section */
		C209F53D1C7665EC007C3975 /* Box.swift in Sources */ = {isa = PBXBuildFile; fileRef = C209F5361C7665EC007C3975 /* Box.swift */; };
		C209F53E1C7665EC007C3975 /* Curry.swift in Sources */ = {isa = PBXBuildFile; fileRef = C209F5371C7665EC007C3975 /* Curry.swift */; };
		C209F53F1C7665EC007C3975 /* Draw.swift in Sources */ = {isa = PBXBuildFile; fileRef = C209F5381C7665EC007C3975 /* Draw.swift */; };
		C209F5401C7665EC007C3975 /* Queue.swift in Sources */ = {isa = PBXBuildFile; fileRef = C209F5391C7665EC007C3975 /* Queue.swift */; };
		C209F5411C7665EC007C3975 /* Register.swift in Sources */ = {isa = PBXBuildFile; fileRef = C209F53A1C7665EC007C3975 /* Register.swift */; };
		C209F5421C7665EC007C3975 /* Swizzle.swift in Sources */ = {isa = PBXBuildFile; fileRef = C209F53B1C7665EC007C3975 /* Swizzle.swift */; };
		C209F5431C7665EC007C3975 /* Time.swift in Sources */ = {isa = PBXBuildFile; fileRef = C209F53C1C7665EC007C3975 /* Time.swift */; };
		C209F5451C7666B7007C3975 /* Result.swift in Sources */ = {isa = PBXBuildFile; fileRef = C209F5441C7666B7007C3975 /* Result.swift */; };
		C209F5461C7666B7007C3975 /* Result.swift in Sources */ = {isa = PBXBuildFile; fileRef = C209F5441C7666B7007C3975 /* Result.swift */; };
		C209F54D1C76673E007C3975 /* Box.swift in Sources */ = {isa = PBXBuildFile; fileRef = C209F5361C7665EC007C3975 /* Box.swift */; };
		C209F54E1C76673E007C3975 /* Curry.swift in Sources */ = {isa = PBXBuildFile; fileRef = C209F5371C7665EC007C3975 /* Curry.swift */; };
		C209F54F1C76673E007C3975 /* Draw.swift in Sources */ = {isa = PBXBuildFile; fileRef = C209F5381C7665EC007C3975 /* Draw.swift */; };
		C209F5501C76673E007C3975 /* Queue.swift in Sources */ = {isa = PBXBuildFile; fileRef = C209F5391C7665EC007C3975 /* Queue.swift */; };
		C209F5511C76673E007C3975 /* Register.swift in Sources */ = {isa = PBXBuildFile; fileRef = C209F53A1C7665EC007C3975 /* Register.swift */; };
		C209F5531C76673E007C3975 /* Time.swift in Sources */ = {isa = PBXBuildFile; fileRef = C209F53C1C7665EC007C3975 /* Time.swift */; };
		C20F341D1C924739004CF7C3 /* Client.swift in Sources */ = {isa = PBXBuildFile; fileRef = C20F341C1C924739004CF7C3 /* Client.swift */; };
		C20F341E1C924739004CF7C3 /* Client.swift in Sources */ = {isa = PBXBuildFile; fileRef = C20F341C1C924739004CF7C3 /* Client.swift */; };
		C245D5631C6E5C8A00F0C899 /* NSText+.swift in Sources */ = {isa = PBXBuildFile; fileRef = C245D5621C6E5C8A00F0C899 /* NSText+.swift */; };
		C259EFDD1C4D6ECE00F9B2BC /* DateIndex.swift in Sources */ = {isa = PBXBuildFile; fileRef = C259EFD21C4D6ECE00F9B2BC /* DateIndex.swift */; };
		C259EFE11C4D6ECE00F9B2BC /* PersistentStack.swift in Sources */ = {isa = PBXBuildFile; fileRef = C259EFD61C4D6ECE00F9B2BC /* PersistentStack.swift */; };
		C259EFE21C4D6ECE00F9B2BC /* StreamClient.swift in Sources */ = {isa = PBXBuildFile; fileRef = C259EFD71C4D6ECE00F9B2BC /* StreamClient.swift */; };
		C259EFE41C4D6ECE00F9B2BC /* TaskManager.swift in Sources */ = {isa = PBXBuildFile; fileRef = C259EFD91C4D6ECE00F9B2BC /* TaskManager.swift */; };
		C259EFE51C4D6ECE00F9B2BC /* TimeSystem.swift in Sources */ = {isa = PBXBuildFile; fileRef = C259EFDA1C4D6ECE00F9B2BC /* TimeSystem.swift */; };
		C259F01C1C4D6FE200F9B2BC /* CollectionView.swift in Sources */ = {isa = PBXBuildFile; fileRef = C259F0101C4D6FE200F9B2BC /* CollectionView.swift */; };
		C259F01E1C4D6FE200F9B2BC /* ConstraintAxis.swift in Sources */ = {isa = PBXBuildFile; fileRef = C259F0111C4D6FE200F9B2BC /* ConstraintAxis.swift */; };
		C259F0201C4D6FE200F9B2BC /* FadePlaceholder.swift in Sources */ = {isa = PBXBuildFile; fileRef = C259F0121C4D6FE200F9B2BC /* FadePlaceholder.swift */; };
		C259F0221C4D6FE200F9B2BC /* PresentationController.swift in Sources */ = {isa = PBXBuildFile; fileRef = C259F0131C4D6FE200F9B2BC /* PresentationController.swift */; };
		C259F0261C4D6FE200F9B2BC /* SimpleTransition.swift in Sources */ = {isa = PBXBuildFile; fileRef = C259F0151C4D6FE200F9B2BC /* SimpleTransition.swift */; };
		C259F0281C4D6FE200F9B2BC /* SnapLayout.swift in Sources */ = {isa = PBXBuildFile; fileRef = C259F0161C4D6FE200F9B2BC /* SnapLayout.swift */; };
		C259F02A1C4D6FE200F9B2BC /* StackView.swift in Sources */ = {isa = PBXBuildFile; fileRef = C259F0171C4D6FE200F9B2BC /* StackView.swift */; };
		C259F02C1C4D6FE200F9B2BC /* TableController.swift in Sources */ = {isa = PBXBuildFile; fileRef = C259F0181C4D6FE200F9B2BC /* TableController.swift */; };
		C259F02E1C4D6FE200F9B2BC /* TableView.swift in Sources */ = {isa = PBXBuildFile; fileRef = C259F0191C4D6FE200F9B2BC /* TableView.swift */; };
		C259F0301C4D6FE200F9B2BC /* TextView.swift in Sources */ = {isa = PBXBuildFile; fileRef = C259F01A1C4D6FE200F9B2BC /* TextView.swift */; };
		C259F0321C4D6FE200F9B2BC /* TransitionDelegate.swift in Sources */ = {isa = PBXBuildFile; fileRef = C259F01B1C4D6FE200F9B2BC /* TransitionDelegate.swift */; };
		C259F0411C4D6FEF00F9B2BC /* Draw+.swift in Sources */ = {isa = PBXBuildFile; fileRef = C259F0341C4D6FEE00F9B2BC /* Draw+.swift */; };
		C259F0431C4D6FEF00F9B2BC /* UIBezierPath+.swift in Sources */ = {isa = PBXBuildFile; fileRef = C259F0351C4D6FEE00F9B2BC /* UIBezierPath+.swift */; };
		C259F0451C4D6FEF00F9B2BC /* UICollectionView+.swift in Sources */ = {isa = PBXBuildFile; fileRef = C259F0361C4D6FEE00F9B2BC /* UICollectionView+.swift */; };
		C259F0471C4D6FEF00F9B2BC /* UICollectionViewFlowLayout+.swift in Sources */ = {isa = PBXBuildFile; fileRef = C259F0371C4D6FEE00F9B2BC /* UICollectionViewFlowLayout+.swift */; };
		C259F0491C4D6FEF00F9B2BC /* UIColor+.swift in Sources */ = {isa = PBXBuildFile; fileRef = C259F0381C4D6FEF00F9B2BC /* UIColor+.swift */; };
		C259F04B1C4D6FEF00F9B2BC /* UIControl+.swift in Sources */ = {isa = PBXBuildFile; fileRef = C259F0391C4D6FEF00F9B2BC /* UIControl+.swift */; };
		C259F04D1C4D6FEF00F9B2BC /* UIEdgeInsets+.swift in Sources */ = {isa = PBXBuildFile; fileRef = C259F03A1C4D6FEF00F9B2BC /* UIEdgeInsets+.swift */; };
		C259F04F1C4D6FEF00F9B2BC /* UIGestureRecognizer+.swift in Sources */ = {isa = PBXBuildFile; fileRef = C259F03B1C4D6FEF00F9B2BC /* UIGestureRecognizer+.swift */; };
		C259F0511C4D6FEF00F9B2BC /* UILabel+.swift in Sources */ = {isa = PBXBuildFile; fileRef = C259F03C1C4D6FEF00F9B2BC /* UILabel+.swift */; };
		C259F0531C4D6FEF00F9B2BC /* UIScrollView+.swift in Sources */ = {isa = PBXBuildFile; fileRef = C259F03D1C4D6FEF00F9B2BC /* UIScrollView+.swift */; };
		C259F0551C4D6FEF00F9B2BC /* UITableView+.swift in Sources */ = {isa = PBXBuildFile; fileRef = C259F03E1C4D6FEF00F9B2BC /* UITableView+.swift */; };
		C259F0591C4D6FEF00F9B2BC /* UIView+.swift in Sources */ = {isa = PBXBuildFile; fileRef = C259F0401C4D6FEF00F9B2BC /* UIView+.swift */; };
		C259F05F1C4D701D00F9B2BC /* NSColor+.swift in Sources */ = {isa = PBXBuildFile; fileRef = C259F05B1C4D701D00F9B2BC /* NSColor+.swift */; };
		C259F0611C4D701D00F9B2BC /* NSControl+.swift in Sources */ = {isa = PBXBuildFile; fileRef = C259F05C1C4D701D00F9B2BC /* NSControl+.swift */; };
		C259F0631C4D701D00F9B2BC /* NSTableView+.swift in Sources */ = {isa = PBXBuildFile; fileRef = C259F05D1C4D701D00F9B2BC /* NSTableView+.swift */; };
		C259F06B1C4D703D00F9B2BC /* DateIndex.swift in Sources */ = {isa = PBXBuildFile; fileRef = C259EFD21C4D6ECE00F9B2BC /* DateIndex.swift */; };
		C259F06F1C4D703D00F9B2BC /* PersistentStack.swift in Sources */ = {isa = PBXBuildFile; fileRef = C259EFD61C4D6ECE00F9B2BC /* PersistentStack.swift */; };
		C259F0701C4D703D00F9B2BC /* StreamClient.swift in Sources */ = {isa = PBXBuildFile; fileRef = C259EFD71C4D6ECE00F9B2BC /* StreamClient.swift */; };
		C259F0721C4D703D00F9B2BC /* TaskManager.swift in Sources */ = {isa = PBXBuildFile; fileRef = C259EFD91C4D6ECE00F9B2BC /* TaskManager.swift */; };
		C259F0731C4D703D00F9B2BC /* TimeSystem.swift in Sources */ = {isa = PBXBuildFile; fileRef = C259EFDA1C4D6ECE00F9B2BC /* TimeSystem.swift */; };
		C259F0B31C4D815600F9B2BC /* CollectionCell.swift in Sources */ = {isa = PBXBuildFile; fileRef = C259F0B21C4D815600F9B2BC /* CollectionCell.swift */; };
		C260C0131C9231CE00C2CB7A /* Socket.swift in Sources */ = {isa = PBXBuildFile; fileRef = C260C0121C9231CE00C2CB7A /* Socket.swift */; };
		C260C0141C9231CE00C2CB7A /* Socket.swift in Sources */ = {isa = PBXBuildFile; fileRef = C260C0121C9231CE00C2CB7A /* Socket.swift */; };
		C289AD801B62B95700186773 /* MyKit.h in Headers */ = {isa = PBXBuildFile; fileRef = C289AD7F1B62B95700186773 /* MyKit.h */; settings = {ATTRIBUTES = (Public, ); }; };
		C289AD8D1B62B97400186773 /* MyKit.h in Headers */ = {isa = PBXBuildFile; fileRef = C289AD8C1B62B97400186773 /* MyKit.h */; settings = {ATTRIBUTES = (Public, ); }; };
		C2AA948F1C6D505200EDF761 /* UIViewController+.swift in Sources */ = {isa = PBXBuildFile; fileRef = C2AA948E1C6D505200EDF761 /* UIViewController+.swift */; };
		C2C06AF81C8FC55D000283D7 /* TestLoremIpsum.swift in Sources */ = {isa = PBXBuildFile; fileRef = C2C06AF71C8FC55D000283D7 /* TestLoremIpsum.swift */; };
		C2C06AFA1C8FCAF4000283D7 /* TestPromise.swift in Sources */ = {isa = PBXBuildFile; fileRef = C2C06AF91C8FCAF4000283D7 /* TestPromise.swift */; };
		C2EF9AE31C90AC8C0037BE4D /* SymbolIcon.ttf in Resources */ = {isa = PBXBuildFile; fileRef = C2EFDCC81C8FF5F2000DFB63 /* SymbolIcon.ttf */; };
		C2EF9AE41C90AC8C0037BE4D /* SymbolIcon.swift in Sources */ = {isa = PBXBuildFile; fileRef = C2EFDCC91C8FF5F2000DFB63 /* SymbolIcon.swift */; };
		C2EF9AE51C90AC910037BE4D /* WeatherFont.ttf in Resources */ = {isa = PBXBuildFile; fileRef = C2EFDCCC1C8FF601000DFB63 /* WeatherFont.ttf */; };
		C2EF9AE61C90AC910037BE4D /* WeatherAPI.swift in Sources */ = {isa = PBXBuildFile; fileRef = C2EFDCCD1C8FF601000DFB63 /* WeatherAPI.swift */; };
		C2EF9AE71C90AC910037BE4D /* WeatherIcon.swift in Sources */ = {isa = PBXBuildFile; fileRef = C2EFDCCE1C8FF601000DFB63 /* WeatherIcon.swift */; };
		C2EF9AE81C90AC970037BE4D /* LoremIpsum.txt in Resources */ = {isa = PBXBuildFile; fileRef = C2EFDCD21C8FF611000DFB63 /* LoremIpsum.txt */; };
		C2EF9AE91C90AC970037BE4D /* LoremIpsum.swift in Sources */ = {isa = PBXBuildFile; fileRef = C2EFDCD31C8FF611000DFB63 /* LoremIpsum.swift */; };
		C2EF9AEA1C90AC9D0037BE4D /* CloudRecord.swift in Sources */ = {isa = PBXBuildFile; fileRef = C2EFDCD61C8FF61E000DFB63 /* CloudRecord.swift */; };
		C2EF9AEB1C90AC9D0037BE4D /* CloudStack.swift in Sources */ = {isa = PBXBuildFile; fileRef = C2EFDCD71C8FF61E000DFB63 /* CloudStack.swift */; };
		C2EF9AEC1C90ACAF0037BE4D /* Bool+.swift in Sources */ = {isa = PBXBuildFile; fileRef = C2EFDC901C8FF0C8000DFB63 /* Bool+.swift */; };
		C2EF9AED1C90ACAF0037BE4D /* CollectionType+.swift in Sources */ = {isa = PBXBuildFile; fileRef = C2EFDC911C8FF0C8000DFB63 /* CollectionType+.swift */; };
		C2EF9AEE1C90ACAF0037BE4D /* Random.swift in Sources */ = {isa = PBXBuildFile; fileRef = C2EFDC921C8FF0C8000DFB63 /* Random.swift */; };
		C2EF9AEF1C90ACAF0037BE4D /* Range+.swift in Sources */ = {isa = PBXBuildFile; fileRef = C2EFDC931C8FF0C8000DFB63 /* Range+.swift */; };
		C2EF9AF01C90ACAF0037BE4D /* String+.swift in Sources */ = {isa = PBXBuildFile; fileRef = C2EFDC941C8FF0C8000DFB63 /* String+.swift */; };
		C2EF9AF11C90ACAF0037BE4D /* Then.swift in Sources */ = {isa = PBXBuildFile; fileRef = C2EFDC951C8FF0C8000DFB63 /* Then.swift */; };
		C2EF9AF21C90ACB90037BE4D /* NSBundle+.swift in Sources */ = {isa = PBXBuildFile; fileRef = C2EFDC9C1C8FF0E5000DFB63 /* NSBundle+.swift */; };
		C2EF9AF31C90ACB90037BE4D /* NSCache+.swift in Sources */ = {isa = PBXBuildFile; fileRef = C2EFDC9D1C8FF0E5000DFB63 /* NSCache+.swift */; };
		C2EF9AF41C90ACB90037BE4D /* NSDate+.swift in Sources */ = {isa = PBXBuildFile; fileRef = C2EFDC9E1C8FF0E5000DFB63 /* NSDate+.swift */; };
		C2EF9AF51C90ACB90037BE4D /* NSDateFormatter+.swift in Sources */ = {isa = PBXBuildFile; fileRef = C2EFDC9F1C8FF0E5000DFB63 /* NSDateFormatter+.swift */; };
		C2EF9AF61C90ACB90037BE4D /* NSIndexPath+.swift in Sources */ = {isa = PBXBuildFile; fileRef = C2EFDCA01C8FF0E5000DFB63 /* NSIndexPath+.swift */; };
		C2EF9AF71C90ACB90037BE4D /* NSMutableAttributedString+.swift in Sources */ = {isa = PBXBuildFile; fileRef = C2EFDCA11C8FF0E5000DFB63 /* NSMutableAttributedString+.swift */; };
		C2EF9AF81C90ACB90037BE4D /* NSNumber+.swift in Sources */ = {isa = PBXBuildFile; fileRef = C2EFDCA21C8FF0E5000DFB63 /* NSNumber+.swift */; };
		C2EF9AF91C90ACB90037BE4D /* NSObject+.swift in Sources */ = {isa = PBXBuildFile; fileRef = C2EFDCA31C8FF0E5000DFB63 /* NSObject+.swift */; };
		C2EF9AFA1C90ACB90037BE4D /* NSRange+.swift in Sources */ = {isa = PBXBuildFile; fileRef = C2EFDCA41C8FF0E5000DFB63 /* NSRange+.swift */; };
		C2EF9AFB1C90ACC30037BE4D /* CKContainer+.swift in Sources */ = {isa = PBXBuildFile; fileRef = C2EFDCAE1C8FF0F7000DFB63 /* CKContainer+.swift */; };
		C2EF9AFC1C90ACC30037BE4D /* CKDatabase+.swift in Sources */ = {isa = PBXBuildFile; fileRef = C2EFDCAF1C8FF0F7000DFB63 /* CKDatabase+.swift */; };
		C2EF9AFD1C90ACC30037BE4D /* CKQuery+.swift in Sources */ = {isa = PBXBuildFile; fileRef = C2EFDCB01C8FF0F7000DFB63 /* CKQuery+.swift */; };
		C2EF9AFE1C90ACC30037BE4D /* CKRecord+.swift in Sources */ = {isa = PBXBuildFile; fileRef = C2EFDCB11C8FF0F7000DFB63 /* CKRecord+.swift */; };
		C2EF9AFF1C90ACC30037BE4D /* CKRecordID+.swift in Sources */ = {isa = PBXBuildFile; fileRef = C2EFDCB21C8FF0F7000DFB63 /* CKRecordID+.swift */; };
		C2EF9B001C90ACCD0037BE4D /* NSAttributeDescription+.swift in Sources */ = {isa = PBXBuildFile; fileRef = C2EFDCB81C8FF102000DFB63 /* NSAttributeDescription+.swift */; };
		C2EF9B011C90ACCD0037BE4D /* NSEntityDescription+.swift in Sources */ = {isa = PBXBuildFile; fileRef = C2EFDCB91C8FF102000DFB63 /* NSEntityDescription+.swift */; };
		C2EF9B021C90ACCD0037BE4D /* NSManagedObject+.swift in Sources */ = {isa = PBXBuildFile; fileRef = C2EFDCBA1C8FF102000DFB63 /* NSManagedObject+.swift */; };
		C2EF9B031C90ACCD0037BE4D /* NSManagedObjectContext+.swift in Sources */ = {isa = PBXBuildFile; fileRef = C2EFDCBB1C8FF102000DFB63 /* NSManagedObjectContext+.swift */; };
		C2EF9B051C90ACD90037BE4D /* CGPoint+.swift in Sources */ = {isa = PBXBuildFile; fileRef = C2EFDCC21C8FF113000DFB63 /* CGPoint+.swift */; };
		C2EF9B061C90ACD90037BE4D /* CGRect+.swift in Sources */ = {isa = PBXBuildFile; fileRef = C2EFDCC31C8FF113000DFB63 /* CGRect+.swift */; };
		C2EF9B071C90ACD90037BE4D /* CGSize+.swift in Sources */ = {isa = PBXBuildFile; fileRef = C2EFDCC41C8FF113000DFB63 /* CGSize+.swift */; };
		C2EF9B0E1C90F4860037BE4D /* NSRelationshipDescription+.swift in Sources */ = {isa = PBXBuildFile; fileRef = C2EFDCBC1C8FF102000DFB63 /* NSRelationshipDescription+.swift */; };
		C2EF9B0F1C90F49D0037BE4D /* Swizzle.swift in Sources */ = {isa = PBXBuildFile; fileRef = C209F53B1C7665EC007C3975 /* Swizzle.swift */; };
		C2EFDC961C8FF0C8000DFB63 /* Bool+.swift in Sources */ = {isa = PBXBuildFile; fileRef = C2EFDC901C8FF0C8000DFB63 /* Bool+.swift */; };
		C2EFDC971C8FF0C8000DFB63 /* CollectionType+.swift in Sources */ = {isa = PBXBuildFile; fileRef = C2EFDC911C8FF0C8000DFB63 /* CollectionType+.swift */; };
		C2EFDC981C8FF0C8000DFB63 /* Random.swift in Sources */ = {isa = PBXBuildFile; fileRef = C2EFDC921C8FF0C8000DFB63 /* Random.swift */; };
		C2EFDC991C8FF0C8000DFB63 /* Range+.swift in Sources */ = {isa = PBXBuildFile; fileRef = C2EFDC931C8FF0C8000DFB63 /* Range+.swift */; };
		C2EFDC9A1C8FF0C8000DFB63 /* String+.swift in Sources */ = {isa = PBXBuildFile; fileRef = C2EFDC941C8FF0C8000DFB63 /* String+.swift */; };
		C2EFDC9B1C8FF0C8000DFB63 /* Then.swift in Sources */ = {isa = PBXBuildFile; fileRef = C2EFDC951C8FF0C8000DFB63 /* Then.swift */; };
		C2EFDCA51C8FF0E5000DFB63 /* NSBundle+.swift in Sources */ = {isa = PBXBuildFile; fileRef = C2EFDC9C1C8FF0E5000DFB63 /* NSBundle+.swift */; };
		C2EFDCA61C8FF0E5000DFB63 /* NSCache+.swift in Sources */ = {isa = PBXBuildFile; fileRef = C2EFDC9D1C8FF0E5000DFB63 /* NSCache+.swift */; };
		C2EFDCA71C8FF0E5000DFB63 /* NSDate+.swift in Sources */ = {isa = PBXBuildFile; fileRef = C2EFDC9E1C8FF0E5000DFB63 /* NSDate+.swift */; };
		C2EFDCA81C8FF0E5000DFB63 /* NSDateFormatter+.swift in Sources */ = {isa = PBXBuildFile; fileRef = C2EFDC9F1C8FF0E5000DFB63 /* NSDateFormatter+.swift */; };
		C2EFDCA91C8FF0E5000DFB63 /* NSIndexPath+.swift in Sources */ = {isa = PBXBuildFile; fileRef = C2EFDCA01C8FF0E5000DFB63 /* NSIndexPath+.swift */; };
		C2EFDCAA1C8FF0E5000DFB63 /* NSMutableAttributedString+.swift in Sources */ = {isa = PBXBuildFile; fileRef = C2EFDCA11C8FF0E5000DFB63 /* NSMutableAttributedString+.swift */; };
		C2EFDCAB1C8FF0E5000DFB63 /* NSNumber+.swift in Sources */ = {isa = PBXBuildFile; fileRef = C2EFDCA21C8FF0E5000DFB63 /* NSNumber+.swift */; };
		C2EFDCAC1C8FF0E5000DFB63 /* NSObject+.swift in Sources */ = {isa = PBXBuildFile; fileRef = C2EFDCA31C8FF0E5000DFB63 /* NSObject+.swift */; };
		C2EFDCAD1C8FF0E5000DFB63 /* NSRange+.swift in Sources */ = {isa = PBXBuildFile; fileRef = C2EFDCA41C8FF0E5000DFB63 /* NSRange+.swift */; };
		C2EFDCB31C8FF0F7000DFB63 /* CKContainer+.swift in Sources */ = {isa = PBXBuildFile; fileRef = C2EFDCAE1C8FF0F7000DFB63 /* CKContainer+.swift */; };
		C2EFDCB41C8FF0F7000DFB63 /* CKDatabase+.swift in Sources */ = {isa = PBXBuildFile; fileRef = C2EFDCAF1C8FF0F7000DFB63 /* CKDatabase+.swift */; };
		C2EFDCB51C8FF0F7000DFB63 /* CKQuery+.swift in Sources */ = {isa = PBXBuildFile; fileRef = C2EFDCB01C8FF0F7000DFB63 /* CKQuery+.swift */; };
		C2EFDCB61C8FF0F7000DFB63 /* CKRecord+.swift in Sources */ = {isa = PBXBuildFile; fileRef = C2EFDCB11C8FF0F7000DFB63 /* CKRecord+.swift */; };
		C2EFDCB71C8FF0F7000DFB63 /* CKRecordID+.swift in Sources */ = {isa = PBXBuildFile; fileRef = C2EFDCB21C8FF0F7000DFB63 /* CKRecordID+.swift */; };
		C2EFDCBD1C8FF102000DFB63 /* NSAttributeDescription+.swift in Sources */ = {isa = PBXBuildFile; fileRef = C2EFDCB81C8FF102000DFB63 /* NSAttributeDescription+.swift */; };
		C2EFDCBE1C8FF102000DFB63 /* NSEntityDescription+.swift in Sources */ = {isa = PBXBuildFile; fileRef = C2EFDCB91C8FF102000DFB63 /* NSEntityDescription+.swift */; };
		C2EFDCBF1C8FF102000DFB63 /* NSManagedObject+.swift in Sources */ = {isa = PBXBuildFile; fileRef = C2EFDCBA1C8FF102000DFB63 /* NSManagedObject+.swift */; };
		C2EFDCC01C8FF102000DFB63 /* NSManagedObjectContext+.swift in Sources */ = {isa = PBXBuildFile; fileRef = C2EFDCBB1C8FF102000DFB63 /* NSManagedObjectContext+.swift */; };
		C2EFDCC11C8FF102000DFB63 /* NSRelationshipDescription+.swift in Sources */ = {isa = PBXBuildFile; fileRef = C2EFDCBC1C8FF102000DFB63 /* NSRelationshipDescription+.swift */; };
		C2EFDCC51C8FF113000DFB63 /* CGPoint+.swift in Sources */ = {isa = PBXBuildFile; fileRef = C2EFDCC21C8FF113000DFB63 /* CGPoint+.swift */; };
		C2EFDCC61C8FF113000DFB63 /* CGRect+.swift in Sources */ = {isa = PBXBuildFile; fileRef = C2EFDCC31C8FF113000DFB63 /* CGRect+.swift */; };
		C2EFDCC71C8FF113000DFB63 /* CGSize+.swift in Sources */ = {isa = PBXBuildFile; fileRef = C2EFDCC41C8FF113000DFB63 /* CGSize+.swift */; };
		C2EFDCCA1C8FF5F2000DFB63 /* SymbolIcon.ttf in Resources */ = {isa = PBXBuildFile; fileRef = C2EFDCC81C8FF5F2000DFB63 /* SymbolIcon.ttf */; };
		C2EFDCCB1C8FF5F2000DFB63 /* SymbolIcon.swift in Sources */ = {isa = PBXBuildFile; fileRef = C2EFDCC91C8FF5F2000DFB63 /* SymbolIcon.swift */; };
		C2EFDCCF1C8FF601000DFB63 /* WeatherFont.ttf in Resources */ = {isa = PBXBuildFile; fileRef = C2EFDCCC1C8FF601000DFB63 /* WeatherFont.ttf */; };
		C2EFDCD01C8FF601000DFB63 /* WeatherAPI.swift in Sources */ = {isa = PBXBuildFile; fileRef = C2EFDCCD1C8FF601000DFB63 /* WeatherAPI.swift */; };
		C2EFDCD11C8FF601000DFB63 /* WeatherIcon.swift in Sources */ = {isa = PBXBuildFile; fileRef = C2EFDCCE1C8FF601000DFB63 /* WeatherIcon.swift */; };
		C2EFDCD41C8FF611000DFB63 /* LoremIpsum.txt in Resources */ = {isa = PBXBuildFile; fileRef = C2EFDCD21C8FF611000DFB63 /* LoremIpsum.txt */; };
		C2EFDCD51C8FF611000DFB63 /* LoremIpsum.swift in Sources */ = {isa = PBXBuildFile; fileRef = C2EFDCD31C8FF611000DFB63 /* LoremIpsum.swift */; };
		C2EFDCD81C8FF61E000DFB63 /* CloudRecord.swift in Sources */ = {isa = PBXBuildFile; fileRef = C2EFDCD61C8FF61E000DFB63 /* CloudRecord.swift */; };
		C2EFDCD91C8FF61E000DFB63 /* CloudStack.swift in Sources */ = {isa = PBXBuildFile; fileRef = C2EFDCD71C8FF61E000DFB63 /* CloudStack.swift */; };
		C2EFDCDD1C8FF93F000DFB63 /* CollectionController.swift in Sources */ = {isa = PBXBuildFile; fileRef = C2EFDCDC1C8FF93F000DFB63 /* CollectionController.swift */; };
		C2F18C951C76B2F400A1DB83 /* Promise.swift in Sources */ = {isa = PBXBuildFile; fileRef = C2F18C941C76B2F400A1DB83 /* Promise.swift */; };
		C2F18C961C76B2F400A1DB83 /* Promise.swift in Sources */ = {isa = PBXBuildFile; fileRef = C2F18C941C76B2F400A1DB83 /* Promise.swift */; };
/* End PBXBuildFile section */

/* Begin PBXFileReference section */
		C209F5361C7665EC007C3975 /* Box.swift */ = {isa = PBXFileReference; fileEncoding = 4; lastKnownFileType = sourcecode.swift; name = Box.swift; path = MyKit/Utility/Box.swift; sourceTree = "<group>"; };
		C209F5371C7665EC007C3975 /* Curry.swift */ = {isa = PBXFileReference; fileEncoding = 4; lastKnownFileType = sourcecode.swift; name = Curry.swift; path = MyKit/Utility/Curry.swift; sourceTree = "<group>"; };
		C209F5381C7665EC007C3975 /* Draw.swift */ = {isa = PBXFileReference; fileEncoding = 4; lastKnownFileType = sourcecode.swift; name = Draw.swift; path = MyKit/Utility/Draw.swift; sourceTree = "<group>"; };
		C209F5391C7665EC007C3975 /* Queue.swift */ = {isa = PBXFileReference; fileEncoding = 4; lastKnownFileType = sourcecode.swift; name = Queue.swift; path = MyKit/Utility/Queue.swift; sourceTree = "<group>"; };
		C209F53A1C7665EC007C3975 /* Register.swift */ = {isa = PBXFileReference; fileEncoding = 4; lastKnownFileType = sourcecode.swift; name = Register.swift; path = MyKit/Utility/Register.swift; sourceTree = "<group>"; };
		C209F53B1C7665EC007C3975 /* Swizzle.swift */ = {isa = PBXFileReference; fileEncoding = 4; lastKnownFileType = sourcecode.swift; name = Swizzle.swift; path = MyKit/Utility/Swizzle.swift; sourceTree = "<group>"; };
		C209F53C1C7665EC007C3975 /* Time.swift */ = {isa = PBXFileReference; fileEncoding = 4; lastKnownFileType = sourcecode.swift; name = Time.swift; path = MyKit/Utility/Time.swift; sourceTree = "<group>"; };
		C209F5441C7666B7007C3975 /* Result.swift */ = {isa = PBXFileReference; fileEncoding = 4; lastKnownFileType = sourcecode.swift; name = Result.swift; path = MyKit/Utility/Result.swift; sourceTree = "<group>"; };
		C20F341C1C924739004CF7C3 /* Client.swift */ = {isa = PBXFileReference; fileEncoding = 4; lastKnownFileType = sourcecode.swift; name = Client.swift; path = MyKit/Utility/Client.swift; sourceTree = "<group>"; };
		C245D5621C6E5C8A00F0C899 /* NSText+.swift */ = {isa = PBXFileReference; fileEncoding = 4; lastKnownFileType = sourcecode.swift; name = "NSText+.swift"; path = "Extension/NSText+.swift"; sourceTree = "<group>"; };
		C25877741C742F1400DF1F88 /* MyKit.playground */ = {isa = PBXFileReference; lastKnownFileType = file.playground; path = MyKit.playground; sourceTree = "<group>"; };
		C259EFD21C4D6ECE00F9B2BC /* DateIndex.swift */ = {isa = PBXFileReference; fileEncoding = 4; lastKnownFileType = sourcecode.swift; name = DateIndex.swift; path = MyKit/Framework/DateIndex.swift; sourceTree = "<group>"; };
		C259EFD61C4D6ECE00F9B2BC /* PersistentStack.swift */ = {isa = PBXFileReference; fileEncoding = 4; lastKnownFileType = sourcecode.swift; name = PersistentStack.swift; path = MyKit/Framework/PersistentStack.swift; sourceTree = "<group>"; };
		C259EFD71C4D6ECE00F9B2BC /* StreamClient.swift */ = {isa = PBXFileReference; fileEncoding = 4; lastKnownFileType = sourcecode.swift; name = StreamClient.swift; path = MyKit/Framework/StreamClient.swift; sourceTree = "<group>"; };
		C259EFD91C4D6ECE00F9B2BC /* TaskManager.swift */ = {isa = PBXFileReference; fileEncoding = 4; lastKnownFileType = sourcecode.swift; name = TaskManager.swift; path = MyKit/Framework/TaskManager.swift; sourceTree = "<group>"; };
		C259EFDA1C4D6ECE00F9B2BC /* TimeSystem.swift */ = {isa = PBXFileReference; fileEncoding = 4; lastKnownFileType = sourcecode.swift; name = TimeSystem.swift; path = MyKit/Framework/TimeSystem.swift; sourceTree = "<group>"; };
		C259F0101C4D6FE200F9B2BC /* CollectionView.swift */ = {isa = PBXFileReference; fileEncoding = 4; lastKnownFileType = sourcecode.swift; name = CollectionView.swift; path = Framework/CollectionView.swift; sourceTree = "<group>"; };
		C259F0111C4D6FE200F9B2BC /* ConstraintAxis.swift */ = {isa = PBXFileReference; fileEncoding = 4; lastKnownFileType = sourcecode.swift; name = ConstraintAxis.swift; path = Framework/ConstraintAxis.swift; sourceTree = "<group>"; };
		C259F0121C4D6FE200F9B2BC /* FadePlaceholder.swift */ = {isa = PBXFileReference; fileEncoding = 4; lastKnownFileType = sourcecode.swift; name = FadePlaceholder.swift; path = Framework/FadePlaceholder.swift; sourceTree = "<group>"; };
		C259F0131C4D6FE200F9B2BC /* PresentationController.swift */ = {isa = PBXFileReference; fileEncoding = 4; lastKnownFileType = sourcecode.swift; name = PresentationController.swift; path = Framework/PresentationController.swift; sourceTree = "<group>"; };
		C259F0151C4D6FE200F9B2BC /* SimpleTransition.swift */ = {isa = PBXFileReference; fileEncoding = 4; lastKnownFileType = sourcecode.swift; name = SimpleTransition.swift; path = Framework/SimpleTransition.swift; sourceTree = "<group>"; };
		C259F0161C4D6FE200F9B2BC /* SnapLayout.swift */ = {isa = PBXFileReference; fileEncoding = 4; lastKnownFileType = sourcecode.swift; name = SnapLayout.swift; path = Framework/SnapLayout.swift; sourceTree = "<group>"; };
		C259F0171C4D6FE200F9B2BC /* StackView.swift */ = {isa = PBXFileReference; fileEncoding = 4; lastKnownFileType = sourcecode.swift; name = StackView.swift; path = Framework/StackView.swift; sourceTree = "<group>"; };
		C259F0181C4D6FE200F9B2BC /* TableController.swift */ = {isa = PBXFileReference; fileEncoding = 4; lastKnownFileType = sourcecode.swift; name = TableController.swift; path = Framework/TableController.swift; sourceTree = "<group>"; };
		C259F0191C4D6FE200F9B2BC /* TableView.swift */ = {isa = PBXFileReference; fileEncoding = 4; lastKnownFileType = sourcecode.swift; name = TableView.swift; path = Framework/TableView.swift; sourceTree = "<group>"; };
		C259F01A1C4D6FE200F9B2BC /* TextView.swift */ = {isa = PBXFileReference; fileEncoding = 4; lastKnownFileType = sourcecode.swift; name = TextView.swift; path = Framework/TextView.swift; sourceTree = "<group>"; };
		C259F01B1C4D6FE200F9B2BC /* TransitionDelegate.swift */ = {isa = PBXFileReference; fileEncoding = 4; lastKnownFileType = sourcecode.swift; name = TransitionDelegate.swift; path = Framework/TransitionDelegate.swift; sourceTree = "<group>"; };
		C259F0341C4D6FEE00F9B2BC /* Draw+.swift */ = {isa = PBXFileReference; fileEncoding = 4; lastKnownFileType = sourcecode.swift; name = "Draw+.swift"; path = "Extension/Draw+.swift"; sourceTree = "<group>"; };
		C259F0351C4D6FEE00F9B2BC /* UIBezierPath+.swift */ = {isa = PBXFileReference; fileEncoding = 4; lastKnownFileType = sourcecode.swift; name = "UIBezierPath+.swift"; path = "Extension/UIBezierPath+.swift"; sourceTree = "<group>"; };
		C259F0361C4D6FEE00F9B2BC /* UICollectionView+.swift */ = {isa = PBXFileReference; fileEncoding = 4; lastKnownFileType = sourcecode.swift; name = "UICollectionView+.swift"; path = "Extension/UICollectionView+.swift"; sourceTree = "<group>"; };
		C259F0371C4D6FEE00F9B2BC /* UICollectionViewFlowLayout+.swift */ = {isa = PBXFileReference; fileEncoding = 4; lastKnownFileType = sourcecode.swift; name = "UICollectionViewFlowLayout+.swift"; path = "Extension/UICollectionViewFlowLayout+.swift"; sourceTree = "<group>"; };
		C259F0381C4D6FEF00F9B2BC /* UIColor+.swift */ = {isa = PBXFileReference; fileEncoding = 4; lastKnownFileType = sourcecode.swift; name = "UIColor+.swift"; path = "Extension/UIColor+.swift"; sourceTree = "<group>"; };
		C259F0391C4D6FEF00F9B2BC /* UIControl+.swift */ = {isa = PBXFileReference; fileEncoding = 4; lastKnownFileType = sourcecode.swift; name = "UIControl+.swift"; path = "Extension/UIControl+.swift"; sourceTree = "<group>"; };
		C259F03A1C4D6FEF00F9B2BC /* UIEdgeInsets+.swift */ = {isa = PBXFileReference; fileEncoding = 4; lastKnownFileType = sourcecode.swift; name = "UIEdgeInsets+.swift"; path = "Extension/UIEdgeInsets+.swift"; sourceTree = "<group>"; };
		C259F03B1C4D6FEF00F9B2BC /* UIGestureRecognizer+.swift */ = {isa = PBXFileReference; fileEncoding = 4; lastKnownFileType = sourcecode.swift; name = "UIGestureRecognizer+.swift"; path = "Extension/UIGestureRecognizer+.swift"; sourceTree = "<group>"; };
		C259F03C1C4D6FEF00F9B2BC /* UILabel+.swift */ = {isa = PBXFileReference; fileEncoding = 4; lastKnownFileType = sourcecode.swift; name = "UILabel+.swift"; path = "Extension/UILabel+.swift"; sourceTree = "<group>"; };
		C259F03D1C4D6FEF00F9B2BC /* UIScrollView+.swift */ = {isa = PBXFileReference; fileEncoding = 4; lastKnownFileType = sourcecode.swift; name = "UIScrollView+.swift"; path = "Extension/UIScrollView+.swift"; sourceTree = "<group>"; };
		C259F03E1C4D6FEF00F9B2BC /* UITableView+.swift */ = {isa = PBXFileReference; fileEncoding = 4; lastKnownFileType = sourcecode.swift; name = "UITableView+.swift"; path = "Extension/UITableView+.swift"; sourceTree = "<group>"; };
		C259F0401C4D6FEF00F9B2BC /* UIView+.swift */ = {isa = PBXFileReference; fileEncoding = 4; lastKnownFileType = sourcecode.swift; name = "UIView+.swift"; path = "Extension/UIView+.swift"; sourceTree = "<group>"; };
		C259F05B1C4D701D00F9B2BC /* NSColor+.swift */ = {isa = PBXFileReference; fileEncoding = 4; lastKnownFileType = sourcecode.swift; name = "NSColor+.swift"; path = "Extension/NSColor+.swift"; sourceTree = "<group>"; };
		C259F05C1C4D701D00F9B2BC /* NSControl+.swift */ = {isa = PBXFileReference; fileEncoding = 4; lastKnownFileType = sourcecode.swift; name = "NSControl+.swift"; path = "Extension/NSControl+.swift"; sourceTree = "<group>"; };
		C259F05D1C4D701D00F9B2BC /* NSTableView+.swift */ = {isa = PBXFileReference; fileEncoding = 4; lastKnownFileType = sourcecode.swift; name = "NSTableView+.swift"; path = "Extension/NSTableView+.swift"; sourceTree = "<group>"; };
		C259F0B21C4D815600F9B2BC /* CollectionCell.swift */ = {isa = PBXFileReference; fileEncoding = 4; lastKnownFileType = sourcecode.swift; name = CollectionCell.swift; path = Framework/CollectionCell.swift; sourceTree = "<group>"; };
		C260C0121C9231CE00C2CB7A /* Socket.swift */ = {isa = PBXFileReference; fileEncoding = 4; lastKnownFileType = sourcecode.swift; name = Socket.swift; path = MyKit/Utility/Socket.swift; sourceTree = "<group>"; };
		C289AD7C1B62B95700186773 /* MyKit.framework */ = {isa = PBXFileReference; explicitFileType = wrapper.framework; includeInIndex = 0; path = MyKit.framework; sourceTree = BUILT_PRODUCTS_DIR; };
		C289AD7F1B62B95700186773 /* MyKit.h */ = {isa = PBXFileReference; lastKnownFileType = sourcecode.c.h; path = MyKit.h; sourceTree = "<group>"; };
		C289AD8A1B62B97400186773 /* MyKit.framework */ = {isa = PBXFileReference; explicitFileType = wrapper.framework; includeInIndex = 0; path = MyKit.framework; sourceTree = BUILT_PRODUCTS_DIR; };
		C289AD8C1B62B97400186773 /* MyKit.h */ = {isa = PBXFileReference; lastKnownFileType = sourcecode.c.h; path = MyKit.h; sourceTree = "<group>"; };
		C289ADEB1B62BC3A00186773 /* Info.plist */ = {isa = PBXFileReference; lastKnownFileType = text.plist.xml; name = Info.plist; path = MyKit/Info.plist; sourceTree = "<group>"; };
		C2AA948E1C6D505200EDF761 /* UIViewController+.swift */ = {isa = PBXFileReference; fileEncoding = 4; lastKnownFileType = sourcecode.swift; name = "UIViewController+.swift"; path = "Extension/UIViewController+.swift"; sourceTree = "<group>"; };
		C2B60ACB1B95080800F6D2BB /* MyKitTests.xctest */ = {isa = PBXFileReference; explicitFileType = wrapper.cfbundle; includeInIndex = 0; path = MyKitTests.xctest; sourceTree = BUILT_PRODUCTS_DIR; };
		C2B60ACF1B95080800F6D2BB /* Info.plist */ = {isa = PBXFileReference; lastKnownFileType = text.plist.xml; path = Info.plist; sourceTree = "<group>"; };
		C2B60AD31B95084800F6D2BB /* Bridging.h */ = {isa = PBXFileReference; lastKnownFileType = sourcecode.c.h; path = Bridging.h; sourceTree = "<group>"; };
		C2C06AF71C8FC55D000283D7 /* TestLoremIpsum.swift */ = {isa = PBXFileReference; fileEncoding = 4; lastKnownFileType = sourcecode.swift; path = TestLoremIpsum.swift; sourceTree = "<group>"; };
		C2C06AF91C8FCAF4000283D7 /* TestPromise.swift */ = {isa = PBXFileReference; fileEncoding = 4; lastKnownFileType = sourcecode.swift; path = TestPromise.swift; sourceTree = "<group>"; };
		C2EFDC901C8FF0C8000DFB63 /* Bool+.swift */ = {isa = PBXFileReference; fileEncoding = 4; lastKnownFileType = sourcecode.swift; name = "Bool+.swift"; path = "MyKit/Extension/Native/Bool+.swift"; sourceTree = "<group>"; };
		C2EFDC911C8FF0C8000DFB63 /* CollectionType+.swift */ = {isa = PBXFileReference; fileEncoding = 4; lastKnownFileType = sourcecode.swift; name = "CollectionType+.swift"; path = "MyKit/Extension/Native/CollectionType+.swift"; sourceTree = "<group>"; };
		C2EFDC921C8FF0C8000DFB63 /* Random.swift */ = {isa = PBXFileReference; fileEncoding = 4; lastKnownFileType = sourcecode.swift; name = Random.swift; path = MyKit/Extension/Native/Random.swift; sourceTree = "<group>"; };
		C2EFDC931C8FF0C8000DFB63 /* Range+.swift */ = {isa = PBXFileReference; fileEncoding = 4; lastKnownFileType = sourcecode.swift; name = "Range+.swift"; path = "MyKit/Extension/Native/Range+.swift"; sourceTree = "<group>"; };
		C2EFDC941C8FF0C8000DFB63 /* String+.swift */ = {isa = PBXFileReference; fileEncoding = 4; lastKnownFileType = sourcecode.swift; name = "String+.swift"; path = "MyKit/Extension/Native/String+.swift"; sourceTree = "<group>"; };
		C2EFDC951C8FF0C8000DFB63 /* Then.swift */ = {isa = PBXFileReference; fileEncoding = 4; lastKnownFileType = sourcecode.swift; name = Then.swift; path = MyKit/Extension/Native/Then.swift; sourceTree = "<group>"; };
		C2EFDC9C1C8FF0E5000DFB63 /* NSBundle+.swift */ = {isa = PBXFileReference; fileEncoding = 4; lastKnownFileType = sourcecode.swift; name = "NSBundle+.swift"; path = "MyKit/Extension/Foundation/NSBundle+.swift"; sourceTree = "<group>"; };
		C2EFDC9D1C8FF0E5000DFB63 /* NSCache+.swift */ = {isa = PBXFileReference; fileEncoding = 4; lastKnownFileType = sourcecode.swift; name = "NSCache+.swift"; path = "MyKit/Extension/Foundation/NSCache+.swift"; sourceTree = "<group>"; };
		C2EFDC9E1C8FF0E5000DFB63 /* NSDate+.swift */ = {isa = PBXFileReference; fileEncoding = 4; lastKnownFileType = sourcecode.swift; name = "NSDate+.swift"; path = "MyKit/Extension/Foundation/NSDate+.swift"; sourceTree = "<group>"; };
		C2EFDC9F1C8FF0E5000DFB63 /* NSDateFormatter+.swift */ = {isa = PBXFileReference; fileEncoding = 4; lastKnownFileType = sourcecode.swift; name = "NSDateFormatter+.swift"; path = "MyKit/Extension/Foundation/NSDateFormatter+.swift"; sourceTree = "<group>"; };
		C2EFDCA01C8FF0E5000DFB63 /* NSIndexPath+.swift */ = {isa = PBXFileReference; fileEncoding = 4; lastKnownFileType = sourcecode.swift; name = "NSIndexPath+.swift"; path = "MyKit/Extension/Foundation/NSIndexPath+.swift"; sourceTree = "<group>"; };
		C2EFDCA11C8FF0E5000DFB63 /* NSMutableAttributedString+.swift */ = {isa = PBXFileReference; fileEncoding = 4; lastKnownFileType = sourcecode.swift; name = "NSMutableAttributedString+.swift"; path = "MyKit/Extension/Foundation/NSMutableAttributedString+.swift"; sourceTree = "<group>"; };
		C2EFDCA21C8FF0E5000DFB63 /* NSNumber+.swift */ = {isa = PBXFileReference; fileEncoding = 4; lastKnownFileType = sourcecode.swift; name = "NSNumber+.swift"; path = "MyKit/Extension/Foundation/NSNumber+.swift"; sourceTree = "<group>"; };
		C2EFDCA31C8FF0E5000DFB63 /* NSObject+.swift */ = {isa = PBXFileReference; fileEncoding = 4; lastKnownFileType = sourcecode.swift; name = "NSObject+.swift"; path = "MyKit/Extension/Foundation/NSObject+.swift"; sourceTree = "<group>"; };
		C2EFDCA41C8FF0E5000DFB63 /* NSRange+.swift */ = {isa = PBXFileReference; fileEncoding = 4; lastKnownFileType = sourcecode.swift; name = "NSRange+.swift"; path = "MyKit/Extension/Foundation/NSRange+.swift"; sourceTree = "<group>"; };
		C2EFDCAE1C8FF0F7000DFB63 /* CKContainer+.swift */ = {isa = PBXFileReference; fileEncoding = 4; lastKnownFileType = sourcecode.swift; name = "CKContainer+.swift"; path = "MyKit/Extension/CloudKit/CKContainer+.swift"; sourceTree = "<group>"; };
		C2EFDCAF1C8FF0F7000DFB63 /* CKDatabase+.swift */ = {isa = PBXFileReference; fileEncoding = 4; lastKnownFileType = sourcecode.swift; name = "CKDatabase+.swift"; path = "MyKit/Extension/CloudKit/CKDatabase+.swift"; sourceTree = "<group>"; };
		C2EFDCB01C8FF0F7000DFB63 /* CKQuery+.swift */ = {isa = PBXFileReference; fileEncoding = 4; lastKnownFileType = sourcecode.swift; name = "CKQuery+.swift"; path = "MyKit/Extension/CloudKit/CKQuery+.swift"; sourceTree = "<group>"; };
		C2EFDCB11C8FF0F7000DFB63 /* CKRecord+.swift */ = {isa = PBXFileReference; fileEncoding = 4; lastKnownFileType = sourcecode.swift; name = "CKRecord+.swift"; path = "MyKit/Extension/CloudKit/CKRecord+.swift"; sourceTree = "<group>"; };
		C2EFDCB21C8FF0F7000DFB63 /* CKRecordID+.swift */ = {isa = PBXFileReference; fileEncoding = 4; lastKnownFileType = sourcecode.swift; name = "CKRecordID+.swift"; path = "MyKit/Extension/CloudKit/CKRecordID+.swift"; sourceTree = "<group>"; };
		C2EFDCB81C8FF102000DFB63 /* NSAttributeDescription+.swift */ = {isa = PBXFileReference; fileEncoding = 4; lastKnownFileType = sourcecode.swift; name = "NSAttributeDescription+.swift"; path = "MyKit/Extension/CoreData/NSAttributeDescription+.swift"; sourceTree = "<group>"; };
		C2EFDCB91C8FF102000DFB63 /* NSEntityDescription+.swift */ = {isa = PBXFileReference; fileEncoding = 4; lastKnownFileType = sourcecode.swift; name = "NSEntityDescription+.swift"; path = "MyKit/Extension/CoreData/NSEntityDescription+.swift"; sourceTree = "<group>"; };
		C2EFDCBA1C8FF102000DFB63 /* NSManagedObject+.swift */ = {isa = PBXFileReference; fileEncoding = 4; lastKnownFileType = sourcecode.swift; name = "NSManagedObject+.swift"; path = "MyKit/Extension/CoreData/NSManagedObject+.swift"; sourceTree = "<group>"; };
		C2EFDCBB1C8FF102000DFB63 /* NSManagedObjectContext+.swift */ = {isa = PBXFileReference; fileEncoding = 4; lastKnownFileType = sourcecode.swift; name = "NSManagedObjectContext+.swift"; path = "MyKit/Extension/CoreData/NSManagedObjectContext+.swift"; sourceTree = "<group>"; };
		C2EFDCBC1C8FF102000DFB63 /* NSRelationshipDescription+.swift */ = {isa = PBXFileReference; fileEncoding = 4; lastKnownFileType = sourcecode.swift; name = "NSRelationshipDescription+.swift"; path = "MyKit/Extension/CoreData/NSRelationshipDescription+.swift"; sourceTree = "<group>"; };
		C2EFDCC21C8FF113000DFB63 /* CGPoint+.swift */ = {isa = PBXFileReference; fileEncoding = 4; lastKnownFileType = sourcecode.swift; name = "CGPoint+.swift"; path = "MyKit/Extension/CoreGraphics/CGPoint+.swift"; sourceTree = "<group>"; };
		C2EFDCC31C8FF113000DFB63 /* CGRect+.swift */ = {isa = PBXFileReference; fileEncoding = 4; lastKnownFileType = sourcecode.swift; name = "CGRect+.swift"; path = "MyKit/Extension/CoreGraphics/CGRect+.swift"; sourceTree = "<group>"; };
		C2EFDCC41C8FF113000DFB63 /* CGSize+.swift */ = {isa = PBXFileReference; fileEncoding = 4; lastKnownFileType = sourcecode.swift; name = "CGSize+.swift"; path = "MyKit/Extension/CoreGraphics/CGSize+.swift"; sourceTree = "<group>"; };
		C2EFDCC81C8FF5F2000DFB63 /* SymbolIcon.ttf */ = {isa = PBXFileReference; lastKnownFileType = file; name = SymbolIcon.ttf; path = MyKit/Framework/SymbolIcon/SymbolIcon.ttf; sourceTree = "<group>"; };
		C2EFDCC91C8FF5F2000DFB63 /* SymbolIcon.swift */ = {isa = PBXFileReference; fileEncoding = 4; lastKnownFileType = sourcecode.swift; name = SymbolIcon.swift; path = MyKit/Framework/SymbolIcon/SymbolIcon.swift; sourceTree = "<group>"; };
		C2EFDCCC1C8FF601000DFB63 /* WeatherFont.ttf */ = {isa = PBXFileReference; lastKnownFileType = file; name = WeatherFont.ttf; path = MyKit/Framework/OpenWeather/WeatherFont.ttf; sourceTree = "<group>"; };
		C2EFDCCD1C8FF601000DFB63 /* WeatherAPI.swift */ = {isa = PBXFileReference; fileEncoding = 4; lastKnownFileType = sourcecode.swift; name = WeatherAPI.swift; path = MyKit/Framework/OpenWeather/WeatherAPI.swift; sourceTree = "<group>"; };
		C2EFDCCE1C8FF601000DFB63 /* WeatherIcon.swift */ = {isa = PBXFileReference; fileEncoding = 4; lastKnownFileType = sourcecode.swift; name = WeatherIcon.swift; path = MyKit/Framework/OpenWeather/WeatherIcon.swift; sourceTree = "<group>"; };
		C2EFDCD21C8FF611000DFB63 /* LoremIpsum.txt */ = {isa = PBXFileReference; fileEncoding = 4; lastKnownFileType = text; name = LoremIpsum.txt; path = MyKit/Framework/LoremIpsum/LoremIpsum.txt; sourceTree = "<group>"; };
		C2EFDCD31C8FF611000DFB63 /* LoremIpsum.swift */ = {isa = PBXFileReference; fileEncoding = 4; lastKnownFileType = sourcecode.swift; name = LoremIpsum.swift; path = MyKit/Framework/LoremIpsum/LoremIpsum.swift; sourceTree = "<group>"; };
		C2EFDCD61C8FF61E000DFB63 /* CloudRecord.swift */ = {isa = PBXFileReference; fileEncoding = 4; lastKnownFileType = sourcecode.swift; name = CloudRecord.swift; path = MyKit/Framework/CloudKit/CloudRecord.swift; sourceTree = "<group>"; };
		C2EFDCD71C8FF61E000DFB63 /* CloudStack.swift */ = {isa = PBXFileReference; fileEncoding = 4; lastKnownFileType = sourcecode.swift; name = CloudStack.swift; path = MyKit/Framework/CloudKit/CloudStack.swift; sourceTree = "<group>"; };
		C2EFDCDC1C8FF93F000DFB63 /* CollectionController.swift */ = {isa = PBXFileReference; fileEncoding = 4; lastKnownFileType = sourcecode.swift; name = CollectionController.swift; path = Framework/CollectionController.swift; sourceTree = "<group>"; };
		C2F18C941C76B2F400A1DB83 /* Promise.swift */ = {isa = PBXFileReference; fileEncoding = 4; lastKnownFileType = sourcecode.swift; name = Promise.swift; path = MyKit/Utility/Promise.swift; sourceTree = "<group>"; };
/* End PBXFileReference section */

/* Begin PBXFrameworksBuildPhase section */
		C289AD781B62B95700186773 /* Frameworks */ = {
			isa = PBXFrameworksBuildPhase;
			buildActionMask = 2147483647;
			files = (
			);
			runOnlyForDeploymentPostprocessing = 0;
		};
		C289AD861B62B97400186773 /* Frameworks */ = {
			isa = PBXFrameworksBuildPhase;
			buildActionMask = 2147483647;
			files = (
			);
			runOnlyForDeploymentPostprocessing = 0;
		};
		C2B60AC81B95080800F6D2BB /* Frameworks */ = {
			isa = PBXFrameworksBuildPhase;
			buildActionMask = 2147483647;
			files = (
			);
			runOnlyForDeploymentPostprocessing = 0;
		};
/* End PBXFrameworksBuildPhase section */

/* Begin PBXGroup section */
		C20F70231C753284004C688F /* CloudKit */ = {
			isa = PBXGroup;
			children = (
				C2EFDCD61C8FF61E000DFB63 /* CloudRecord.swift */,
				C2EFDCD71C8FF61E000DFB63 /* CloudStack.swift */,
			);
			name = CloudKit;
			sourceTree = "<group>";
		};
		C20F70241C7532EC004C688F /* LoremIpsum */ = {
			isa = PBXGroup;
			children = (
				C2EFDCD21C8FF611000DFB63 /* LoremIpsum.txt */,
				C2EFDCD31C8FF611000DFB63 /* LoremIpsum.swift */,
			);
			name = LoremIpsum;
			sourceTree = "<group>";
		};
		C20F70251C7532F8004C688F /* OpenWeather */ = {
			isa = PBXGroup;
			children = (
				C2EFDCCC1C8FF601000DFB63 /* WeatherFont.ttf */,
				C2EFDCCD1C8FF601000DFB63 /* WeatherAPI.swift */,
				C2EFDCCE1C8FF601000DFB63 /* WeatherIcon.swift */,
			);
			name = OpenWeather;
			sourceTree = "<group>";
		};
		C20F70261C753309004C688F /* SymbolIcon */ = {
			isa = PBXGroup;
			children = (
				C2EFDCC81C8FF5F2000DFB63 /* SymbolIcon.ttf */,
				C2EFDCC91C8FF5F2000DFB63 /* SymbolIcon.swift */,
			);
			name = SymbolIcon;
			sourceTree = "<group>";
		};
		C289AD701B62B93800186773 = {
			isa = PBXGroup;
			children = (
				C25877741C742F1400DF1F88 /* MyKit.playground */,
				C289AD921B62B9AD00186773 /* MyKit */,
				C289AD8B1B62B97400186773 /* MyKitiOS */,
				C289AD7E1B62B95700186773 /* MyKitOSX */,
				C2B60ACC1B95080800F6D2BB /* MyKitTests */,
				C289AD7D1B62B95700186773 /* Products */,
			);
			sourceTree = "<group>";
		};
		C289AD7D1B62B95700186773 /* Products */ = {
			isa = PBXGroup;
			children = (
				C289AD7C1B62B95700186773 /* MyKit.framework */,
				C289AD8A1B62B97400186773 /* MyKit.framework */,
				C2B60ACB1B95080800F6D2BB /* MyKitTests.xctest */,
			);
			name = Products;
			sourceTree = "<group>";
		};
		C289AD7E1B62B95700186773 /* MyKitOSX */ = {
			isa = PBXGroup;
			children = (
				C289AD9A1B62BA5500186773 /* Extension */,
				C289AD991B62BA5200186773 /* Support */,
			);
			path = MyKitOSX;
			sourceTree = "<group>";
		};
		C289AD8B1B62B97400186773 /* MyKitiOS */ = {
			isa = PBXGroup;
			children = (
				C289AD971B62BA3C00186773 /* Framework */,
				C289AD981B62BA4400186773 /* Extension */,
				C289AD961B62BA2200186773 /* Support */,
			);
			path = MyKitiOS;
			sourceTree = "<group>";
		};
		C289AD921B62B9AD00186773 /* MyKit */ = {
			isa = PBXGroup;
			children = (
				C289AD951B62BA1700186773 /* Utility */,
				C289AD941B62BA0E00186773 /* Framework */,
				C289AD931B62BA0500186773 /* Extension */,
				C289ADEA1B62BBF400186773 /* Support */,
			);
			name = MyKit;
			sourceTree = "<group>";
		};
		C289AD931B62BA0500186773 /* Extension */ = {
			isa = PBXGroup;
			children = (
				C2B8A7841C7D028900DCA8D2 /* Native */,
				C2DB0D101C7E31430010B70E /* Foundation */,
				C2B8A7861C7D02B200DCA8D2 /* CloudKit */,
				C2B8A7871C7D02CC00DCA8D2 /* CoreData */,
				C2B8A7851C7D029E00DCA8D2 /* CoreGraphics */,
			);
			name = Extension;
			sourceTree = "<group>";
		};
		C289AD941B62BA0E00186773 /* Framework */ = {
			isa = PBXGroup;
			children = (
				C259EFD61C4D6ECE00F9B2BC /* PersistentStack.swift */,
				C259EFD71C4D6ECE00F9B2BC /* StreamClient.swift */,
				C259EFD91C4D6ECE00F9B2BC /* TaskManager.swift */,
				C259EFDA1C4D6ECE00F9B2BC /* TimeSystem.swift */,
				C259EFD21C4D6ECE00F9B2BC /* DateIndex.swift */,
				C20F70261C753309004C688F /* SymbolIcon */,
				C20F70251C7532F8004C688F /* OpenWeather */,
				C20F70241C7532EC004C688F /* LoremIpsum */,
				C20F70231C753284004C688F /* CloudKit */,
			);
			name = Framework;
			sourceTree = "<group>";
		};
		C289AD951B62BA1700186773 /* Utility */ = {
			isa = PBXGroup;
			children = (
				C209F5361C7665EC007C3975 /* Box.swift */,
				C209F5371C7665EC007C3975 /* Curry.swift */,
				C209F5381C7665EC007C3975 /* Draw.swift */,
				C209F5391C7665EC007C3975 /* Queue.swift */,
				C209F53A1C7665EC007C3975 /* Register.swift */,
				C209F53B1C7665EC007C3975 /* Swizzle.swift */,
				C209F53C1C7665EC007C3975 /* Time.swift */,
				C209F5441C7666B7007C3975 /* Result.swift */,
				C2F18C941C76B2F400A1DB83 /* Promise.swift */,
				C260C0121C9231CE00C2CB7A /* Socket.swift */,
				C20F341C1C924739004CF7C3 /* Client.swift */,
			);
			name = Utility;
			sourceTree = "<group>";
		};
		C289AD961B62BA2200186773 /* Support */ = {
			isa = PBXGroup;
			children = (
				C289AD8C1B62B97400186773 /* MyKit.h */,
				C259F0341C4D6FEE00F9B2BC /* Draw+.swift */,
			);
			name = Support;
			sourceTree = "<group>";
		};
		C289AD971B62BA3C00186773 /* Framework */ = {
			isa = PBXGroup;
			children = (
				C259F0161C4D6FE200F9B2BC /* SnapLayout.swift */,
				C259F0171C4D6FE200F9B2BC /* StackView.swift */,
				C259F01A1C4D6FE200F9B2BC /* TextView.swift */,
				C259F0151C4D6FE200F9B2BC /* SimpleTransition.swift */,
				C259F0131C4D6FE200F9B2BC /* PresentationController.swift */,
				C259F01B1C4D6FE200F9B2BC /* TransitionDelegate.swift */,
				C2EFDCDB1C8FF8F6000DFB63 /* Collection */,
				C2EFDCDA1C8FF846000DFB63 /* Table */,
				C2E01D2C1C7BC8B9002444D4 /* Protocols */,
			);
			name = Framework;
			sourceTree = "<group>";
		};
		C289AD981B62BA4400186773 /* Extension */ = {
			isa = PBXGroup;
			children = (
				C259F0361C4D6FEE00F9B2BC /* UICollectionView+.swift */,
				C259F0371C4D6FEE00F9B2BC /* UICollectionViewFlowLayout+.swift */,
				C259F0381C4D6FEF00F9B2BC /* UIColor+.swift */,
				C259F0391C4D6FEF00F9B2BC /* UIControl+.swift */,
				C259F0351C4D6FEE00F9B2BC /* UIBezierPath+.swift */,
				C259F03A1C4D6FEF00F9B2BC /* UIEdgeInsets+.swift */,
				C259F03B1C4D6FEF00F9B2BC /* UIGestureRecognizer+.swift */,
				C259F03C1C4D6FEF00F9B2BC /* UILabel+.swift */,
				C259F03D1C4D6FEF00F9B2BC /* UIScrollView+.swift */,
				C259F03E1C4D6FEF00F9B2BC /* UITableView+.swift */,
				C259F0401C4D6FEF00F9B2BC /* UIView+.swift */,
				C2AA948E1C6D505200EDF761 /* UIViewController+.swift */,
			);
			name = Extension;
			sourceTree = "<group>";
		};
		C289AD991B62BA5200186773 /* Support */ = {
			isa = PBXGroup;
			children = (
				C289AD7F1B62B95700186773 /* MyKit.h */,
			);
			name = Support;
			sourceTree = "<group>";
		};
		C289AD9A1B62BA5500186773 /* Extension */ = {
			isa = PBXGroup;
			children = (
				C245D5621C6E5C8A00F0C899 /* NSText+.swift */,
				C259F05B1C4D701D00F9B2BC /* NSColor+.swift */,
				C259F05C1C4D701D00F9B2BC /* NSControl+.swift */,
				C259F05D1C4D701D00F9B2BC /* NSTableView+.swift */,
			);
			name = Extension;
			sourceTree = "<group>";
		};
		C289ADEA1B62BBF400186773 /* Support */ = {
			isa = PBXGroup;
			children = (
				C289ADEB1B62BC3A00186773 /* Info.plist */,
			);
			name = Support;
			sourceTree = "<group>";
		};
		C2B60ACC1B95080800F6D2BB /* MyKitTests */ = {
			isa = PBXGroup;
			children = (
				C2C06AF91C8FCAF4000283D7 /* TestPromise.swift */,
				C2C06AF71C8FC55D000283D7 /* TestLoremIpsum.swift */,
				C2B60AD41B95084E00F6D2BB /* Support */,
			);
			path = MyKitTests;
			sourceTree = "<group>";
		};
		C2B60AD41B95084E00F6D2BB /* Support */ = {
			isa = PBXGroup;
			children = (
				C2B60ACF1B95080800F6D2BB /* Info.plist */,
				C2B60AD31B95084800F6D2BB /* Bridging.h */,
			);
			name = Support;
			sourceTree = "<group>";
		};
		C2B8A7841C7D028900DCA8D2 /* Native */ = {
			isa = PBXGroup;
			children = (
				C2EFDC901C8FF0C8000DFB63 /* Bool+.swift */,
				C2EFDC911C8FF0C8000DFB63 /* CollectionType+.swift */,
				C2EFDC921C8FF0C8000DFB63 /* Random.swift */,
				C2EFDC931C8FF0C8000DFB63 /* Range+.swift */,
				C2EFDC941C8FF0C8000DFB63 /* String+.swift */,
				C2EFDC951C8FF0C8000DFB63 /* Then.swift */,
			);
			name = Native;
			sourceTree = "<group>";
		};
		C2B8A7851C7D029E00DCA8D2 /* CoreGraphics */ = {
			isa = PBXGroup;
			children = (
				C2EFDCC21C8FF113000DFB63 /* CGPoint+.swift */,
				C2EFDCC31C8FF113000DFB63 /* CGRect+.swift */,
				C2EFDCC41C8FF113000DFB63 /* CGSize+.swift */,
			);
			name = CoreGraphics;
			sourceTree = "<group>";
		};
		C2B8A7861C7D02B200DCA8D2 /* CloudKit */ = {
			isa = PBXGroup;
			children = (
				C2EFDCAE1C8FF0F7000DFB63 /* CKContainer+.swift */,
				C2EFDCAF1C8FF0F7000DFB63 /* CKDatabase+.swift */,
				C2EFDCB01C8FF0F7000DFB63 /* CKQuery+.swift */,
				C2EFDCB11C8FF0F7000DFB63 /* CKRecord+.swift */,
				C2EFDCB21C8FF0F7000DFB63 /* CKRecordID+.swift */,
			);
			name = CloudKit;
			sourceTree = "<group>";
		};
		C2B8A7871C7D02CC00DCA8D2 /* CoreData */ = {
			isa = PBXGroup;
			children = (
				C2EFDCB81C8FF102000DFB63 /* NSAttributeDescription+.swift */,
				C2EFDCB91C8FF102000DFB63 /* NSEntityDescription+.swift */,
				C2EFDCBA1C8FF102000DFB63 /* NSManagedObject+.swift */,
				C2EFDCBB1C8FF102000DFB63 /* NSManagedObjectContext+.swift */,
				C2EFDCBC1C8FF102000DFB63 /* NSRelationshipDescription+.swift */,
			);
			name = CoreData;
			sourceTree = "<group>";
		};
		C2DB0D101C7E31430010B70E /* Foundation */ = {
			isa = PBXGroup;
			children = (
				C2EFDC9C1C8FF0E5000DFB63 /* NSBundle+.swift */,
				C2EFDC9D1C8FF0E5000DFB63 /* NSCache+.swift */,
				C2EFDC9E1C8FF0E5000DFB63 /* NSDate+.swift */,
				C2EFDC9F1C8FF0E5000DFB63 /* NSDateFormatter+.swift */,
				C2EFDCA01C8FF0E5000DFB63 /* NSIndexPath+.swift */,
				C2EFDCA11C8FF0E5000DFB63 /* NSMutableAttributedString+.swift */,
				C2EFDCA21C8FF0E5000DFB63 /* NSNumber+.swift */,
				C2EFDCA31C8FF0E5000DFB63 /* NSObject+.swift */,
				C2EFDCA41C8FF0E5000DFB63 /* NSRange+.swift */,
			);
			name = Foundation;
			sourceTree = "<group>";
		};
		C2E01D2C1C7BC8B9002444D4 /* Protocols */ = {
			isa = PBXGroup;
			children = (
				C259F0121C4D6FE200F9B2BC /* FadePlaceholder.swift */,
				C259F0111C4D6FE200F9B2BC /* ConstraintAxis.swift */,
			);
			name = Protocols;
			sourceTree = "<group>";
		};
		C2EFDCDA1C8FF846000DFB63 /* Table */ = {
			isa = PBXGroup;
			children = (
				C259F0191C4D6FE200F9B2BC /* TableView.swift */,
				C259F0181C4D6FE200F9B2BC /* TableController.swift */,
			);
			name = Table;
			sourceTree = "<group>";
		};
		C2EFDCDB1C8FF8F6000DFB63 /* Collection */ = {
			isa = PBXGroup;
			children = (
				C259F0101C4D6FE200F9B2BC /* CollectionView.swift */,
				C259F0B21C4D815600F9B2BC /* CollectionCell.swift */,
				C2EFDCDC1C8FF93F000DFB63 /* CollectionController.swift */,
			);
			name = Collection;
			sourceTree = "<group>";
		};
/* End PBXGroup section */

/* Begin PBXHeadersBuildPhase section */
		C289AD791B62B95700186773 /* Headers */ = {
			isa = PBXHeadersBuildPhase;
			buildActionMask = 2147483647;
			files = (
				C289AD801B62B95700186773 /* MyKit.h in Headers */,
			);
			runOnlyForDeploymentPostprocessing = 0;
		};
		C289AD871B62B97400186773 /* Headers */ = {
			isa = PBXHeadersBuildPhase;
			buildActionMask = 2147483647;
			files = (
				C289AD8D1B62B97400186773 /* MyKit.h in Headers */,
			);
			runOnlyForDeploymentPostprocessing = 0;
		};
/* End PBXHeadersBuildPhase section */

/* Begin PBXNativeTarget section */
		C289AD7B1B62B95700186773 /* MyKitOSX */ = {
			isa = PBXNativeTarget;
			buildConfigurationList = C289AD821B62B95700186773 /* Build configuration list for PBXNativeTarget "MyKitOSX" */;
			buildPhases = (
				C289AD771B62B95700186773 /* Sources */,
				C289AD781B62B95700186773 /* Frameworks */,
				C289AD791B62B95700186773 /* Headers */,
				C289AD7A1B62B95700186773 /* Resources */,
			);
			buildRules = (
			);
			dependencies = (
			);
			name = MyKitOSX;
			productName = MyKitOSX;
			productReference = C289AD7C1B62B95700186773 /* MyKit.framework */;
			productType = "com.apple.product-type.framework";
		};
		C289AD891B62B97400186773 /* MyKitiOS */ = {
			isa = PBXNativeTarget;
			buildConfigurationList = C289AD8F1B62B97400186773 /* Build configuration list for PBXNativeTarget "MyKitiOS" */;
			buildPhases = (
				C289AD851B62B97400186773 /* Sources */,
				C289AD861B62B97400186773 /* Frameworks */,
				C289AD871B62B97400186773 /* Headers */,
				C289AD881B62B97400186773 /* Resources */,
			);
			buildRules = (
			);
			dependencies = (
			);
			name = MyKitiOS;
			productName = MyKitiOS;
			productReference = C289AD8A1B62B97400186773 /* MyKit.framework */;
			productType = "com.apple.product-type.framework";
		};
		C2B60ACA1B95080800F6D2BB /* MyKitTests */ = {
			isa = PBXNativeTarget;
			buildConfigurationList = C2B60AD01B95080800F6D2BB /* Build configuration list for PBXNativeTarget "MyKitTests" */;
			buildPhases = (
				C2B60AC71B95080800F6D2BB /* Sources */,
				C2B60AC81B95080800F6D2BB /* Frameworks */,
				C2B60AC91B95080800F6D2BB /* Resources */,
			);
			buildRules = (
			);
			dependencies = (
			);
			name = MyKitTests;
			productName = MyKitTests;
			productReference = C2B60ACB1B95080800F6D2BB /* MyKitTests.xctest */;
			productType = "com.apple.product-type.bundle.unit-test";
		};
/* End PBXNativeTarget section */

/* Begin PBXProject section */
		C289AD711B62B93800186773 /* Project object */ = {
			isa = PBXProject;
			attributes = {
				LastSwiftUpdateCheck = 0700;
				LastUpgradeCheck = 0730;
				TargetAttributes = {
					C289AD7B1B62B95700186773 = {
						CreatedOnToolsVersion = 7.0;
					};
					C289AD891B62B97400186773 = {
						CreatedOnToolsVersion = 7.0;
					};
					C2B60ACA1B95080800F6D2BB = {
						CreatedOnToolsVersion = 7.0;
					};
				};
			};
			buildConfigurationList = C289AD741B62B93800186773 /* Build configuration list for PBXProject "MyKit" */;
			compatibilityVersion = "Xcode 3.2";
			developmentRegion = English;
			hasScannedForEncodings = 0;
			knownRegions = (
				en,
				Base,
			);
			mainGroup = C289AD701B62B93800186773;
			productRefGroup = C289AD7D1B62B95700186773 /* Products */;
			projectDirPath = "";
			projectRoot = "";
			targets = (
				C289AD891B62B97400186773 /* MyKitiOS */,
				C289AD7B1B62B95700186773 /* MyKitOSX */,
				C2B60ACA1B95080800F6D2BB /* MyKitTests */,
			);
		};
/* End PBXProject section */

/* Begin PBXResourcesBuildPhase section */
		C289AD7A1B62B95700186773 /* Resources */ = {
			isa = PBXResourcesBuildPhase;
			buildActionMask = 2147483647;
			files = (
				C2EF9AE51C90AC910037BE4D /* WeatherFont.ttf in Resources */,
				C2EF9AE81C90AC970037BE4D /* LoremIpsum.txt in Resources */,
				C2EF9AE31C90AC8C0037BE4D /* SymbolIcon.ttf in Resources */,
			);
			runOnlyForDeploymentPostprocessing = 0;
		};
		C289AD881B62B97400186773 /* Resources */ = {
			isa = PBXResourcesBuildPhase;
			buildActionMask = 2147483647;
			files = (
				C2EFDCCF1C8FF601000DFB63 /* WeatherFont.ttf in Resources */,
				C2EFDCD41C8FF611000DFB63 /* LoremIpsum.txt in Resources */,
				C2EFDCCA1C8FF5F2000DFB63 /* SymbolIcon.ttf in Resources */,
			);
			runOnlyForDeploymentPostprocessing = 0;
		};
		C2B60AC91B95080800F6D2BB /* Resources */ = {
			isa = PBXResourcesBuildPhase;
			buildActionMask = 2147483647;
			files = (
			);
			runOnlyForDeploymentPostprocessing = 0;
		};
/* End PBXResourcesBuildPhase section */

/* Begin PBXSourcesBuildPhase section */
		C289AD771B62B95700186773 /* Sources */ = {
			isa = PBXSourcesBuildPhase;
			buildActionMask = 2147483647;
			files = (
				C209F54F1C76673E007C3975 /* Draw.swift in Sources */,
				C2EF9AE71C90AC910037BE4D /* WeatherIcon.swift in Sources */,
				C2EF9AE91C90AC970037BE4D /* LoremIpsum.swift in Sources */,
				C2EF9AEF1C90ACAF0037BE4D /* Range+.swift in Sources */,
				C2EF9B051C90ACD90037BE4D /* CGPoint+.swift in Sources */,
				C2EF9AED1C90ACAF0037BE4D /* CollectionType+.swift in Sources */,
				C209F5511C76673E007C3975 /* Register.swift in Sources */,
				C209F54E1C76673E007C3975 /* Curry.swift in Sources */,
				C2F18C961C76B2F400A1DB83 /* Promise.swift in Sources */,
				C209F5461C7666B7007C3975 /* Result.swift in Sources */,
				C2EF9AFB1C90ACC30037BE4D /* CKContainer+.swift in Sources */,
				C2EF9AF31C90ACB90037BE4D /* NSCache+.swift in Sources */,
				C209F54D1C76673E007C3975 /* Box.swift in Sources */,
				C2EF9AF61C90ACB90037BE4D /* NSIndexPath+.swift in Sources */,
				C2EF9B031C90ACCD0037BE4D /* NSManagedObjectContext+.swift in Sources */,
				C2EF9AF71C90ACB90037BE4D /* NSMutableAttributedString+.swift in Sources */,
				C2EF9AF91C90ACB90037BE4D /* NSObject+.swift in Sources */,
				C2EF9AEB1C90AC9D0037BE4D /* CloudStack.swift in Sources */,
				C2EF9AEC1C90ACAF0037BE4D /* Bool+.swift in Sources */,
				C2EF9AFC1C90ACC30037BE4D /* CKDatabase+.swift in Sources */,
				C260C0141C9231CE00C2CB7A /* Socket.swift in Sources */,
				C2EF9AE41C90AC8C0037BE4D /* SymbolIcon.swift in Sources */,
				C259F0701C4D703D00F9B2BC /* StreamClient.swift in Sources */,
				C2EF9AF51C90ACB90037BE4D /* NSDateFormatter+.swift in Sources */,
				C259F0731C4D703D00F9B2BC /* TimeSystem.swift in Sources */,
				C2EF9B0F1C90F49D0037BE4D /* Swizzle.swift in Sources */,
				C2EF9B021C90ACCD0037BE4D /* NSManagedObject+.swift in Sources */,
				C2EF9B061C90ACD90037BE4D /* CGRect+.swift in Sources */,
				C2EF9AF21C90ACB90037BE4D /* NSBundle+.swift in Sources */,
				C209F5531C76673E007C3975 /* Time.swift in Sources */,
				C259F06F1C4D703D00F9B2BC /* PersistentStack.swift in Sources */,
				C209F5501C76673E007C3975 /* Queue.swift in Sources */,
				C2EF9B011C90ACCD0037BE4D /* NSEntityDescription+.swift in Sources */,
				C2EF9AF41C90ACB90037BE4D /* NSDate+.swift in Sources */,
				C259F06B1C4D703D00F9B2BC /* DateIndex.swift in Sources */,
				C259F05F1C4D701D00F9B2BC /* NSColor+.swift in Sources */,
				C2EF9B0E1C90F4860037BE4D /* NSRelationshipDescription+.swift in Sources */,
				C2EF9AF81C90ACB90037BE4D /* NSNumber+.swift in Sources */,
				C2EF9B001C90ACCD0037BE4D /* NSAttributeDescription+.swift in Sources */,
				C259F0721C4D703D00F9B2BC /* TaskManager.swift in Sources */,
				C245D5631C6E5C8A00F0C899 /* NSText+.swift in Sources */,
				C259F0611C4D701D00F9B2BC /* NSControl+.swift in Sources */,
				C2EF9AEA1C90AC9D0037BE4D /* CloudRecord.swift in Sources */,
				C2EF9AE61C90AC910037BE4D /* WeatherAPI.swift in Sources */,
				C20F341E1C924739004CF7C3 /* Client.swift in Sources */,
				C2EF9AF01C90ACAF0037BE4D /* String+.swift in Sources */,
				C259F0631C4D701D00F9B2BC /* NSTableView+.swift in Sources */,
				C2EF9AFA1C90ACB90037BE4D /* NSRange+.swift in Sources */,
				C2EF9AF11C90ACAF0037BE4D /* Then.swift in Sources */,
				C2EF9AFE1C90ACC30037BE4D /* CKRecord+.swift in Sources */,
				C2EF9B071C90ACD90037BE4D /* CGSize+.swift in Sources */,
				C2EF9AFF1C90ACC30037BE4D /* CKRecordID+.swift in Sources */,
				C2EF9AFD1C90ACC30037BE4D /* CKQuery+.swift in Sources */,
				C2EF9AEE1C90ACAF0037BE4D /* Random.swift in Sources */,
			);
			runOnlyForDeploymentPostprocessing = 0;
		};
		C289AD851B62B97400186773 /* Sources */ = {
			isa = PBXSourcesBuildPhase;
			buildActionMask = 2147483647;
			files = (
				C259F01E1C4D6FE200F9B2BC /* ConstraintAxis.swift in Sources */,
				C2EFDCA61C8FF0E5000DFB63 /* NSCache+.swift in Sources */,
				C2EFDCC71C8FF113000DFB63 /* CGSize+.swift in Sources */,
				C2EFDCBF1C8FF102000DFB63 /* NSManagedObject+.swift in Sources */,
				C259F0411C4D6FEF00F9B2BC /* Draw+.swift in Sources */,
				C2AA948F1C6D505200EDF761 /* UIViewController+.swift in Sources */,
				C259EFE21C4D6ECE00F9B2BC /* StreamClient.swift in Sources */,
				C259F0431C4D6FEF00F9B2BC /* UIBezierPath+.swift in Sources */,
				C2EFDCC51C8FF113000DFB63 /* CGPoint+.swift in Sources */,
				C2EFDCB61C8FF0F7000DFB63 /* CKRecord+.swift in Sources */,
				C2EFDCBD1C8FF102000DFB63 /* NSAttributeDescription+.swift in Sources */,
				C209F5431C7665EC007C3975 /* Time.swift in Sources */,
				C2EFDCB41C8FF0F7000DFB63 /* CKDatabase+.swift in Sources */,
				C2EFDCAA1C8FF0E5000DFB63 /* NSMutableAttributedString+.swift in Sources */,
				C2EFDCD11C8FF601000DFB63 /* WeatherIcon.swift in Sources */,
				C2EFDC991C8FF0C8000DFB63 /* Range+.swift in Sources */,
				C209F53D1C7665EC007C3975 /* Box.swift in Sources */,
				C259F0281C4D6FE200F9B2BC /* SnapLayout.swift in Sources */,
				C259F04D1C4D6FEF00F9B2BC /* UIEdgeInsets+.swift in Sources */,
				C259F02E1C4D6FE200F9B2BC /* TableView.swift in Sources */,
				C259F0301C4D6FE200F9B2BC /* TextView.swift in Sources */,
				C2EFDCBE1C8FF102000DFB63 /* NSEntityDescription+.swift in Sources */,
				C259F02C1C4D6FE200F9B2BC /* TableController.swift in Sources */,
				C209F53E1C7665EC007C3975 /* Curry.swift in Sources */,
				C259F04F1C4D6FEF00F9B2BC /* UIGestureRecognizer+.swift in Sources */,
				C259F0591C4D6FEF00F9B2BC /* UIView+.swift in Sources */,
				C259F01C1C4D6FE200F9B2BC /* CollectionView.swift in Sources */,
				C2F18C951C76B2F400A1DB83 /* Promise.swift in Sources */,
				C2EFDC9B1C8FF0C8000DFB63 /* Then.swift in Sources */,
				C259F0261C4D6FE200F9B2BC /* SimpleTransition.swift in Sources */,
				C2EFDCC11C8FF102000DFB63 /* NSRelationshipDescription+.swift in Sources */,
				C2EFDCAC1C8FF0E5000DFB63 /* NSObject+.swift in Sources */,
				C2EFDC961C8FF0C8000DFB63 /* Bool+.swift in Sources */,
				C2EFDCB31C8FF0F7000DFB63 /* CKContainer+.swift in Sources */,
				C259F0491C4D6FEF00F9B2BC /* UIColor+.swift in Sources */,
				C259F02A1C4D6FE200F9B2BC /* StackView.swift in Sources */,
				C2EFDCCB1C8FF5F2000DFB63 /* SymbolIcon.swift in Sources */,
				C2EFDC971C8FF0C8000DFB63 /* CollectionType+.swift in Sources */,
				C2EFDCA51C8FF0E5000DFB63 /* NSBundle+.swift in Sources */,
				C259EFE41C4D6ECE00F9B2BC /* TaskManager.swift in Sources */,
				C2EFDCC01C8FF102000DFB63 /* NSManagedObjectContext+.swift in Sources */,
				C2EFDCA81C8FF0E5000DFB63 /* NSDateFormatter+.swift in Sources */,
				C2EFDCA71C8FF0E5000DFB63 /* NSDate+.swift in Sources */,
				C2EFDC981C8FF0C8000DFB63 /* Random.swift in Sources */,
				C209F5411C7665EC007C3975 /* Register.swift in Sources */,
				C2EFDCAD1C8FF0E5000DFB63 /* NSRange+.swift in Sources */,
				C2EFDCD81C8FF61E000DFB63 /* CloudRecord.swift in Sources */,
				C2EFDCB71C8FF0F7000DFB63 /* CKRecordID+.swift in Sources */,
				C259F0B31C4D815600F9B2BC /* CollectionCell.swift in Sources */,
				C2EFDC9A1C8FF0C8000DFB63 /* String+.swift in Sources */,
				C259F0451C4D6FEF00F9B2BC /* UICollectionView+.swift in Sources */,
				C259F0531C4D6FEF00F9B2BC /* UIScrollView+.swift in Sources */,
				C259F0511C4D6FEF00F9B2BC /* UILabel+.swift in Sources */,
				C259EFDD1C4D6ECE00F9B2BC /* DateIndex.swift in Sources */,
				C20F341D1C924739004CF7C3 /* Client.swift in Sources */,
				C259F0551C4D6FEF00F9B2BC /* UITableView+.swift in Sources */,
				C2EFDCAB1C8FF0E5000DFB63 /* NSNumber+.swift in Sources */,
				C259F0221C4D6FE200F9B2BC /* PresentationController.swift in Sources */,
				C2EFDCDD1C8FF93F000DFB63 /* CollectionController.swift in Sources */,
				C209F5451C7666B7007C3975 /* Result.swift in Sources */,
				C2EFDCD01C8FF601000DFB63 /* WeatherAPI.swift in Sources */,
				C2EFDCD91C8FF61E000DFB63 /* CloudStack.swift in Sources */,
				C259F04B1C4D6FEF00F9B2BC /* UIControl+.swift in Sources */,
				C260C0131C9231CE00C2CB7A /* Socket.swift in Sources */,
				C259EFE11C4D6ECE00F9B2BC /* PersistentStack.swift in Sources */,
				C2EFDCC61C8FF113000DFB63 /* CGRect+.swift in Sources */,
				C259F0471C4D6FEF00F9B2BC /* UICollectionViewFlowLayout+.swift in Sources */,
				C209F5401C7665EC007C3975 /* Queue.swift in Sources */,
				C2EFDCD51C8FF611000DFB63 /* LoremIpsum.swift in Sources */,
				C2EFDCB51C8FF0F7000DFB63 /* CKQuery+.swift in Sources */,
				C259EFE51C4D6ECE00F9B2BC /* TimeSystem.swift in Sources */,
				C2EFDCA91C8FF0E5000DFB63 /* NSIndexPath+.swift in Sources */,
				C259F0321C4D6FE200F9B2BC /* TransitionDelegate.swift in Sources */,
				C259F0201C4D6FE200F9B2BC /* FadePlaceholder.swift in Sources */,
				C209F5421C7665EC007C3975 /* Swizzle.swift in Sources */,
				C209F53F1C7665EC007C3975 /* Draw.swift in Sources */,
			);
			runOnlyForDeploymentPostprocessing = 0;
		};
		C2B60AC71B95080800F6D2BB /* Sources */ = {
			isa = PBXSourcesBuildPhase;
			buildActionMask = 2147483647;
			files = (
				C2C06AF81C8FC55D000283D7 /* TestLoremIpsum.swift in Sources */,
				C2C06AFA1C8FCAF4000283D7 /* TestPromise.swift in Sources */,
			);
			runOnlyForDeploymentPostprocessing = 0;
		};
/* End PBXSourcesBuildPhase section */

/* Begin XCBuildConfiguration section */
		C289AD751B62B93800186773 /* Debug */ = {
			isa = XCBuildConfiguration;
			buildSettings = {
				ENABLE_ON_DEMAND_RESOURCES = YES;
				ENABLE_TESTABILITY = YES;
				INFOPLIST_FILE = MyKit/Info.plist;
				ONLY_ACTIVE_ARCH = YES;
				PRODUCT_NAME = MyKit;
				SDKROOT = iphoneos;
				SUPPORTED_PLATFORMS = "iphonesimulator iphoneos";
				SWIFT_OBJC_BRIDGING_HEADER = "";
			};
			name = Debug;
		};
		C289AD761B62B93800186773 /* Release */ = {
			isa = XCBuildConfiguration;
			buildSettings = {
				ENABLE_ON_DEMAND_RESOURCES = YES;
				INFOPLIST_FILE = MyKit/Info.plist;
				PRODUCT_NAME = MyKit;
				SDKROOT = iphoneos;
				SUPPORTED_PLATFORMS = "iphonesimulator iphoneos";
				SWIFT_OBJC_BRIDGING_HEADER = "";
			};
			name = Release;
		};
		C289AD831B62B95700186773 /* Debug */ = {
			isa = XCBuildConfiguration;
			buildSettings = {
				ALWAYS_SEARCH_USER_PATHS = NO;
				CLANG_CXX_LANGUAGE_STANDARD = "gnu++0x";
				CLANG_CXX_LIBRARY = "libc++";
				CLANG_ENABLE_MODULES = YES;
				CLANG_ENABLE_OBJC_ARC = YES;
				CLANG_WARN_BOOL_CONVERSION = YES;
				CLANG_WARN_CONSTANT_CONVERSION = YES;
				CLANG_WARN_DIRECT_OBJC_ISA_USAGE = YES_ERROR;
				CLANG_WARN_EMPTY_BODY = YES;
				CLANG_WARN_ENUM_CONVERSION = YES;
				CLANG_WARN_INT_CONVERSION = YES;
				CLANG_WARN_OBJC_ROOT_CLASS = YES_ERROR;
				CLANG_WARN_UNREACHABLE_CODE = YES;
				CLANG_WARN__DUPLICATE_METHOD_MATCH = YES;
				COMBINE_HIDPI_IMAGES = YES;
				COPY_PHASE_STRIP = NO;
				CURRENT_PROJECT_VERSION = 1;
				DEBUG_INFORMATION_FORMAT = dwarf;
				DEFINES_MODULE = YES;
				DYLIB_COMPATIBILITY_VERSION = 1;
				DYLIB_CURRENT_VERSION = 1;
				DYLIB_INSTALL_NAME_BASE = "@rpath";
				ENABLE_ON_DEMAND_RESOURCES = NO;
				ENABLE_STRICT_OBJC_MSGSEND = YES;
				ENABLE_TESTABILITY = YES;
				FRAMEWORK_VERSION = A;
				GCC_C_LANGUAGE_STANDARD = gnu99;
				GCC_DYNAMIC_NO_PIC = NO;
				GCC_NO_COMMON_BLOCKS = YES;
				GCC_OPTIMIZATION_LEVEL = 0;
				GCC_PREPROCESSOR_DEFINITIONS = (
					"DEBUG=1",
					"$(inherited)",
				);
				GCC_WARN_64_TO_32_BIT_CONVERSION = YES;
				GCC_WARN_ABOUT_RETURN_TYPE = YES_ERROR;
				GCC_WARN_UNDECLARED_SELECTOR = YES;
				GCC_WARN_UNINITIALIZED_AUTOS = YES_AGGRESSIVE;
				GCC_WARN_UNUSED_FUNCTION = YES;
				GCC_WARN_UNUSED_VARIABLE = YES;
				INFOPLIST_FILE = MyKit/Info.plist;
				INSTALL_PATH = "$(LOCAL_LIBRARY_DIR)/Frameworks";
				LD_RUNPATH_SEARCH_PATHS = "$(inherited) @executable_path/../Frameworks @loader_path/Frameworks";
				MACOSX_DEPLOYMENT_TARGET = 10.10;
				MTL_ENABLE_DEBUG_INFO = YES;
				ONLY_ACTIVE_ARCH = NO;
				PRODUCT_BUNDLE_IDENTIFIER = HaiNguyen.MyKitOSX;
				PRODUCT_MODULE_NAME = "$(PRODUCT_NAME:c99extidentifier)";
				PRODUCT_NAME = MyKit;
				SDKROOT = macosx;
				SKIP_INSTALL = YES;
				SUPPORTED_PLATFORMS = macosx;
				SWIFT_INSTALL_OBJC_HEADER = NO;
				SWIFT_OBJC_BRIDGING_HEADER = "";
				SWIFT_OBJC_INTERFACE_HEADER_NAME = "";
				SWIFT_OPTIMIZATION_LEVEL = "-Onone";
				VERSIONING_SYSTEM = "apple-generic";
				VERSION_INFO_PREFIX = "";
			};
			name = Debug;
		};
		C289AD841B62B95700186773 /* Release */ = {
			isa = XCBuildConfiguration;
			buildSettings = {
				ALWAYS_SEARCH_USER_PATHS = NO;
				CLANG_CXX_LANGUAGE_STANDARD = "gnu++0x";
				CLANG_CXX_LIBRARY = "libc++";
				CLANG_ENABLE_MODULES = YES;
				CLANG_ENABLE_OBJC_ARC = YES;
				CLANG_WARN_BOOL_CONVERSION = YES;
				CLANG_WARN_CONSTANT_CONVERSION = YES;
				CLANG_WARN_DIRECT_OBJC_ISA_USAGE = YES_ERROR;
				CLANG_WARN_EMPTY_BODY = YES;
				CLANG_WARN_ENUM_CONVERSION = YES;
				CLANG_WARN_INT_CONVERSION = YES;
				CLANG_WARN_OBJC_ROOT_CLASS = YES_ERROR;
				CLANG_WARN_UNREACHABLE_CODE = YES;
				CLANG_WARN__DUPLICATE_METHOD_MATCH = YES;
				COMBINE_HIDPI_IMAGES = YES;
				COPY_PHASE_STRIP = NO;
				CURRENT_PROJECT_VERSION = 1;
				DEBUG_INFORMATION_FORMAT = "dwarf-with-dsym";
				DEFINES_MODULE = YES;
				DYLIB_COMPATIBILITY_VERSION = 1;
				DYLIB_CURRENT_VERSION = 1;
				DYLIB_INSTALL_NAME_BASE = "@rpath";
				ENABLE_NS_ASSERTIONS = NO;
				ENABLE_ON_DEMAND_RESOURCES = NO;
				ENABLE_STRICT_OBJC_MSGSEND = YES;
				FRAMEWORK_VERSION = A;
				GCC_C_LANGUAGE_STANDARD = gnu99;
				GCC_NO_COMMON_BLOCKS = YES;
				GCC_WARN_64_TO_32_BIT_CONVERSION = YES;
				GCC_WARN_ABOUT_RETURN_TYPE = YES_ERROR;
				GCC_WARN_UNDECLARED_SELECTOR = YES;
				GCC_WARN_UNINITIALIZED_AUTOS = YES_AGGRESSIVE;
				GCC_WARN_UNUSED_FUNCTION = YES;
				GCC_WARN_UNUSED_VARIABLE = YES;
				INFOPLIST_FILE = MyKit/Info.plist;
				INSTALL_PATH = "$(LOCAL_LIBRARY_DIR)/Frameworks";
				LD_RUNPATH_SEARCH_PATHS = "$(inherited) @executable_path/../Frameworks @loader_path/Frameworks";
				MACOSX_DEPLOYMENT_TARGET = 10.10;
				MTL_ENABLE_DEBUG_INFO = NO;
				ONLY_ACTIVE_ARCH = NO;
				PRODUCT_BUNDLE_IDENTIFIER = HaiNguyen.MyKitOSX;
				PRODUCT_MODULE_NAME = "$(PRODUCT_NAME:c99extidentifier)";
				PRODUCT_NAME = MyKit;
				SDKROOT = macosx;
				SKIP_INSTALL = YES;
				SUPPORTED_PLATFORMS = macosx;
				SWIFT_INSTALL_OBJC_HEADER = NO;
				SWIFT_OBJC_BRIDGING_HEADER = "";
				SWIFT_OBJC_INTERFACE_HEADER_NAME = "";
				VERSIONING_SYSTEM = "apple-generic";
				VERSION_INFO_PREFIX = "";
			};
			name = Release;
		};
		C289AD901B62B97400186773 /* Debug */ = {
			isa = XCBuildConfiguration;
			buildSettings = {
				ALWAYS_SEARCH_USER_PATHS = NO;
				CLANG_CXX_LANGUAGE_STANDARD = "gnu++0x";
				CLANG_CXX_LIBRARY = "libc++";
				CLANG_ENABLE_MODULES = YES;
				CLANG_ENABLE_OBJC_ARC = YES;
				CLANG_WARN_BOOL_CONVERSION = YES;
				CLANG_WARN_CONSTANT_CONVERSION = YES;
				CLANG_WARN_DIRECT_OBJC_ISA_USAGE = YES_ERROR;
				CLANG_WARN_EMPTY_BODY = YES;
				CLANG_WARN_ENUM_CONVERSION = YES;
				CLANG_WARN_INT_CONVERSION = YES;
				CLANG_WARN_OBJC_ROOT_CLASS = YES_ERROR;
				CLANG_WARN_UNREACHABLE_CODE = YES;
				CLANG_WARN__DUPLICATE_METHOD_MATCH = YES;
				CODE_SIGN_IDENTITY = "";
				COPY_PHASE_STRIP = NO;
				CURRENT_PROJECT_VERSION = 1;
				DEBUG_INFORMATION_FORMAT = dwarf;
				DEFINES_MODULE = YES;
				DYLIB_COMPATIBILITY_VERSION = 1;
				DYLIB_CURRENT_VERSION = 1;
				DYLIB_INSTALL_NAME_BASE = "@rpath";
				EMBEDDED_CONTENT_CONTAINS_SWIFT = NO;
				ENABLE_BITCODE = YES;
				ENABLE_ON_DEMAND_RESOURCES = NO;
				ENABLE_STRICT_OBJC_MSGSEND = YES;
				ENABLE_TESTABILITY = YES;
				GCC_C_LANGUAGE_STANDARD = gnu99;
				GCC_DYNAMIC_NO_PIC = NO;
				GCC_NO_COMMON_BLOCKS = YES;
				GCC_OPTIMIZATION_LEVEL = 0;
				GCC_PREPROCESSOR_DEFINITIONS = (
					"DEBUG=1",
					"$(inherited)",
				);
				GCC_WARN_64_TO_32_BIT_CONVERSION = YES;
				GCC_WARN_ABOUT_RETURN_TYPE = YES_ERROR;
				GCC_WARN_UNDECLARED_SELECTOR = YES;
				GCC_WARN_UNINITIALIZED_AUTOS = YES_AGGRESSIVE;
				GCC_WARN_UNUSED_FUNCTION = YES;
				GCC_WARN_UNUSED_VARIABLE = YES;
				INFOPLIST_FILE = MyKit/Info.plist;
				INSTALL_PATH = "$(LOCAL_LIBRARY_DIR)/Frameworks";
				IPHONEOS_DEPLOYMENT_TARGET = 9.0;
				LD_RUNPATH_SEARCH_PATHS = "$(inherited) @executable_path/Frameworks @loader_path/Frameworks";
				MTL_ENABLE_DEBUG_INFO = YES;
				ONLY_ACTIVE_ARCH = NO;
				PRODUCT_BUNDLE_IDENTIFIER = HaiNguyen.MyKitiOS;
				PRODUCT_NAME = MyKit;
				SDKROOT = iphoneos;
				SKIP_INSTALL = YES;
				SUPPORTED_PLATFORMS = "iphonesimulator iphoneos";
				SWIFT_INSTALL_OBJC_HEADER = NO;
				SWIFT_OBJC_BRIDGING_HEADER = "";
				SWIFT_OBJC_INTERFACE_HEADER_NAME = "";
				SWIFT_OPTIMIZATION_LEVEL = "-Onone";
				TARGETED_DEVICE_FAMILY = "1,2";
				VERSIONING_SYSTEM = "apple-generic";
				VERSION_INFO_PREFIX = "";
			};
			name = Debug;
		};
		C289AD911B62B97400186773 /* Release */ = {
			isa = XCBuildConfiguration;
			buildSettings = {
				ALWAYS_SEARCH_USER_PATHS = NO;
				CLANG_CXX_LANGUAGE_STANDARD = "gnu++0x";
				CLANG_CXX_LIBRARY = "libc++";
				CLANG_ENABLE_MODULES = YES;
				CLANG_ENABLE_OBJC_ARC = YES;
				CLANG_WARN_BOOL_CONVERSION = YES;
				CLANG_WARN_CONSTANT_CONVERSION = YES;
				CLANG_WARN_DIRECT_OBJC_ISA_USAGE = YES_ERROR;
				CLANG_WARN_EMPTY_BODY = YES;
				CLANG_WARN_ENUM_CONVERSION = YES;
				CLANG_WARN_INT_CONVERSION = YES;
				CLANG_WARN_OBJC_ROOT_CLASS = YES_ERROR;
				CLANG_WARN_UNREACHABLE_CODE = YES;
				CLANG_WARN__DUPLICATE_METHOD_MATCH = YES;
				CODE_SIGN_IDENTITY = "";
				COPY_PHASE_STRIP = NO;
				CURRENT_PROJECT_VERSION = 1;
				DEBUG_INFORMATION_FORMAT = "dwarf-with-dsym";
				DEFINES_MODULE = YES;
				DYLIB_COMPATIBILITY_VERSION = 1;
				DYLIB_CURRENT_VERSION = 1;
				DYLIB_INSTALL_NAME_BASE = "@rpath";
				EMBEDDED_CONTENT_CONTAINS_SWIFT = NO;
				ENABLE_BITCODE = YES;
				ENABLE_NS_ASSERTIONS = NO;
				ENABLE_ON_DEMAND_RESOURCES = NO;
				ENABLE_STRICT_OBJC_MSGSEND = YES;
				GCC_C_LANGUAGE_STANDARD = gnu99;
				GCC_NO_COMMON_BLOCKS = YES;
				GCC_WARN_64_TO_32_BIT_CONVERSION = YES;
				GCC_WARN_ABOUT_RETURN_TYPE = YES_ERROR;
				GCC_WARN_UNDECLARED_SELECTOR = YES;
				GCC_WARN_UNINITIALIZED_AUTOS = YES_AGGRESSIVE;
				GCC_WARN_UNUSED_FUNCTION = YES;
				GCC_WARN_UNUSED_VARIABLE = YES;
				INFOPLIST_FILE = MyKit/Info.plist;
				INSTALL_PATH = "$(LOCAL_LIBRARY_DIR)/Frameworks";
				IPHONEOS_DEPLOYMENT_TARGET = 9.0;
				LD_RUNPATH_SEARCH_PATHS = "$(inherited) @executable_path/Frameworks @loader_path/Frameworks";
				MTL_ENABLE_DEBUG_INFO = NO;
				PRODUCT_BUNDLE_IDENTIFIER = HaiNguyen.MyKitiOS;
				PRODUCT_NAME = MyKit;
				SDKROOT = iphoneos;
				SKIP_INSTALL = YES;
				SUPPORTED_PLATFORMS = "iphonesimulator iphoneos";
				SWIFT_INSTALL_OBJC_HEADER = NO;
				SWIFT_OBJC_BRIDGING_HEADER = "";
				SWIFT_OBJC_INTERFACE_HEADER_NAME = "";
				TARGETED_DEVICE_FAMILY = "1,2";
				VALIDATE_PRODUCT = YES;
				VERSIONING_SYSTEM = "apple-generic";
				VERSION_INFO_PREFIX = "";
			};
			name = Release;
		};
		C2B60AD11B95080800F6D2BB /* Debug */ = {
			isa = XCBuildConfiguration;
			buildSettings = {
				ALWAYS_SEARCH_USER_PATHS = NO;
				CLANG_CXX_LANGUAGE_STANDARD = "gnu++0x";
				CLANG_CXX_LIBRARY = "libc++";
				CLANG_ENABLE_MODULES = YES;
				CLANG_ENABLE_OBJC_ARC = YES;
				CLANG_WARN_BOOL_CONVERSION = YES;
				CLANG_WARN_CONSTANT_CONVERSION = YES;
				CLANG_WARN_DIRECT_OBJC_ISA_USAGE = YES_ERROR;
				CLANG_WARN_EMPTY_BODY = YES;
				CLANG_WARN_ENUM_CONVERSION = YES;
				CLANG_WARN_INT_CONVERSION = YES;
				CLANG_WARN_OBJC_ROOT_CLASS = YES_ERROR;
				CLANG_WARN_UNREACHABLE_CODE = YES;
				CLANG_WARN__DUPLICATE_METHOD_MATCH = YES;
				COMBINE_HIDPI_IMAGES = YES;
				COPY_PHASE_STRIP = NO;
				DEBUG_INFORMATION_FORMAT = dwarf;
				ENABLE_ON_DEMAND_RESOURCES = NO;
				ENABLE_STRICT_OBJC_MSGSEND = YES;
				ENABLE_TESTABILITY = YES;
				GCC_C_LANGUAGE_STANDARD = gnu99;
				GCC_DYNAMIC_NO_PIC = NO;
				GCC_NO_COMMON_BLOCKS = YES;
				GCC_OPTIMIZATION_LEVEL = 0;
				GCC_PREPROCESSOR_DEFINITIONS = (
					"DEBUG=1",
					"$(inherited)",
				);
				GCC_WARN_64_TO_32_BIT_CONVERSION = YES;
				GCC_WARN_ABOUT_RETURN_TYPE = YES_ERROR;
				GCC_WARN_UNDECLARED_SELECTOR = YES;
				GCC_WARN_UNINITIALIZED_AUTOS = YES_AGGRESSIVE;
				GCC_WARN_UNUSED_FUNCTION = YES;
				GCC_WARN_UNUSED_VARIABLE = YES;
				INFOPLIST_FILE = MyKitTests/Info.plist;
				LD_RUNPATH_SEARCH_PATHS = "$(inherited) @executable_path/../Frameworks @loader_path/../Frameworks";
				MACOSX_DEPLOYMENT_TARGET = 10.10;
				MTL_ENABLE_DEBUG_INFO = YES;
				ONLY_ACTIVE_ARCH = YES;
				PRODUCT_BUNDLE_IDENTIFIER = HaiNguyen.MyKitTests;
				PRODUCT_NAME = "$(TARGET_NAME)";
				SDKROOT = macosx;
				SUPPORTED_PLATFORMS = macosx;
				SWIFT_OBJC_BRIDGING_HEADER = MyKitTests/Bridging.h;
				SWIFT_OPTIMIZATION_LEVEL = "-Onone";
			};
			name = Debug;
		};
		C2B60AD21B95080800F6D2BB /* Release */ = {
			isa = XCBuildConfiguration;
			buildSettings = {
				ALWAYS_SEARCH_USER_PATHS = NO;
				CLANG_CXX_LANGUAGE_STANDARD = "gnu++0x";
				CLANG_CXX_LIBRARY = "libc++";
				CLANG_ENABLE_MODULES = YES;
				CLANG_ENABLE_OBJC_ARC = YES;
				CLANG_WARN_BOOL_CONVERSION = YES;
				CLANG_WARN_CONSTANT_CONVERSION = YES;
				CLANG_WARN_DIRECT_OBJC_ISA_USAGE = YES_ERROR;
				CLANG_WARN_EMPTY_BODY = YES;
				CLANG_WARN_ENUM_CONVERSION = YES;
				CLANG_WARN_INT_CONVERSION = YES;
				CLANG_WARN_OBJC_ROOT_CLASS = YES_ERROR;
				CLANG_WARN_UNREACHABLE_CODE = YES;
				CLANG_WARN__DUPLICATE_METHOD_MATCH = YES;
				COMBINE_HIDPI_IMAGES = YES;
				COPY_PHASE_STRIP = NO;
				DEBUG_INFORMATION_FORMAT = "dwarf-with-dsym";
				ENABLE_NS_ASSERTIONS = NO;
				ENABLE_ON_DEMAND_RESOURCES = NO;
				ENABLE_STRICT_OBJC_MSGSEND = YES;
				GCC_C_LANGUAGE_STANDARD = gnu99;
				GCC_NO_COMMON_BLOCKS = YES;
				GCC_WARN_64_TO_32_BIT_CONVERSION = YES;
				GCC_WARN_ABOUT_RETURN_TYPE = YES_ERROR;
				GCC_WARN_UNDECLARED_SELECTOR = YES;
				GCC_WARN_UNINITIALIZED_AUTOS = YES_AGGRESSIVE;
				GCC_WARN_UNUSED_FUNCTION = YES;
				GCC_WARN_UNUSED_VARIABLE = YES;
				INFOPLIST_FILE = MyKitTests/Info.plist;
				LD_RUNPATH_SEARCH_PATHS = "$(inherited) @executable_path/../Frameworks @loader_path/../Frameworks";
				MACOSX_DEPLOYMENT_TARGET = 10.10;
				MTL_ENABLE_DEBUG_INFO = NO;
				PRODUCT_BUNDLE_IDENTIFIER = HaiNguyen.MyKitTests;
				PRODUCT_NAME = "$(TARGET_NAME)";
				SDKROOT = macosx;
				SUPPORTED_PLATFORMS = macosx;
				SWIFT_OBJC_BRIDGING_HEADER = MyKitTests/Bridging.h;
			};
			name = Release;
		};
/* End XCBuildConfiguration section */

/* Begin XCConfigurationList section */
		C289AD741B62B93800186773 /* Build configuration list for PBXProject "MyKit" */ = {
			isa = XCConfigurationList;
			buildConfigurations = (
				C289AD751B62B93800186773 /* Debug */,
				C289AD761B62B93800186773 /* Release */,
			);
			defaultConfigurationIsVisible = 0;
			defaultConfigurationName = Release;
		};
		C289AD821B62B95700186773 /* Build configuration list for PBXNativeTarget "MyKitOSX" */ = {
			isa = XCConfigurationList;
			buildConfigurations = (
				C289AD831B62B95700186773 /* Debug */,
				C289AD841B62B95700186773 /* Release */,
			);
			defaultConfigurationIsVisible = 0;
			defaultConfigurationName = Release;
		};
		C289AD8F1B62B97400186773 /* Build configuration list for PBXNativeTarget "MyKitiOS" */ = {
			isa = XCConfigurationList;
			buildConfigurations = (
				C289AD901B62B97400186773 /* Debug */,
				C289AD911B62B97400186773 /* Release */,
			);
			defaultConfigurationIsVisible = 0;
			defaultConfigurationName = Release;
		};
		C2B60AD01B95080800F6D2BB /* Build configuration list for PBXNativeTarget "MyKitTests" */ = {
			isa = XCConfigurationList;
			buildConfigurations = (
				C2B60AD11B95080800F6D2BB /* Debug */,
				C2B60AD21B95080800F6D2BB /* Release */,
			);
			defaultConfigurationIsVisible = 0;
			defaultConfigurationName = Release;
		};
/* End XCConfigurationList section */
	};
	rootObject = C289AD711B62B93800186773 /* Project object */;
}
